// !$*UTF8*$!
{
	archiveVersion = 1;
	classes = {
	};
	objectVersion = 50;
	objects = {

/* Begin PBXBuildFile section */
		9E036B1C22E4F4A700229235 /* TurtleTests.swift in Sources */ = {isa = PBXBuildFile; fileRef = 9E036B1B22E4F4A700229235 /* TurtleTests.swift */; };
		9E0674E1230AD2420044C3C4 /* UpdateCompositeBodies.metal in Sources */ = {isa = PBXBuildFile; fileRef = 9E3351C222F8417000FDC3D6 /* UpdateCompositeBodies.metal */; };
		9E0674E2230AD2450044C3C4 /* UpdateJoints.metal in Sources */ = {isa = PBXBuildFile; fileRef = 9EE801A922FC468700198166 /* UpdateJoints.metal */; };
		9E0674E3230AD2490044C3C4 /* Math.metal in Sources */ = {isa = PBXBuildFile; fileRef = 9EE801AB22FC483B00198166 /* Math.metal */; };
		9E0674E4230AD24C0044C3C4 /* UpdateRigidBodies.metal in Sources */ = {isa = PBXBuildFile; fileRef = 9E31BE9722FDAE4600AF908B /* UpdateRigidBodies.metal */; };
		9E0674E5230AD24E0044C3C4 /* Print.metal in Sources */ = {isa = PBXBuildFile; fileRef = 9E8E27BE2307335300652DAC /* Print.metal */; };
		9E075112237B005000A8107B /* UpdateRigidBodies.swift in Sources */ = {isa = PBXBuildFile; fileRef = 9E31BE9522FDABE800AF908B /* UpdateRigidBodies.swift */; };
		9E1168A1237C334F00922AAA /* SharedBuffersMetalDevice.swift in Sources */ = {isa = PBXBuildFile; fileRef = 9EE3F922237C13A200E86D81 /* SharedBuffersMetalDevice.swift */; };
		9E1168A2237C335A00922AAA /* MetalProxy.swift in Sources */ = {isa = PBXBuildFile; fileRef = 9E6372A122FEC7AA001D4466 /* MetalProxy.swift */; };
		9E1223C02364539200692A72 /* MemoryLayoutManager.swift in Sources */ = {isa = PBXBuildFile; fileRef = 9E1223BF2364539200692A72 /* MemoryLayoutManager.swift */; };
		9E1223C1236453BC00692A72 /* MemoryLayoutManager.swift in Sources */ = {isa = PBXBuildFile; fileRef = 9E1223BF2364539200692A72 /* MemoryLayoutManager.swift */; };
		9E1490CB2334E49500FED681 /* Noise.swift in Sources */ = {isa = PBXBuildFile; fileRef = 9E1490CA2334E49500FED681 /* Noise.swift */; };
		9E1C70FA230C802700DA9929 /* ApplyPhysicsFields.metal in Sources */ = {isa = PBXBuildFile; fileRef = 9E0674E7230AD4590044C3C4 /* ApplyPhysicsFields.metal */; };
		9E1D92B92382DBEF0012CC81 /* CylinderPen.swift in Sources */ = {isa = PBXBuildFile; fileRef = 9E461B3422E7017F008AB788 /* CylinderPen.swift */; };
		9E1D92BA2382DBFC0012CC81 /* SkinningPen.swift in Sources */ = {isa = PBXBuildFile; fileRef = 9E56C94C22E7929B0095C8AC /* SkinningPen.swift */; };
		9E27B86122FA39920030664E /* RigidBodyTests.swift in Sources */ = {isa = PBXBuildFile; fileRef = 9E27B86022FA39920030664E /* RigidBodyTests.swift */; };
		9E3351C122F83DDF00FDC3D6 /* MetalTests.swift in Sources */ = {isa = PBXBuildFile; fileRef = 9E3351C022F83DDF00FDC3D6 /* MetalTests.swift */; };
		9E34C484232911C6008C7353 /* TreePhysics.h in Headers */ = {isa = PBXBuildFile; fileRef = 9E34C482232911C6008C7353 /* TreePhysics.h */; settings = {ATTRIBUTES = (Public, ); }; };
		9E34C48823291201008C7353 /* Turtle.swift in Sources */ = {isa = PBXBuildFile; fileRef = 9E036B1E22E4F58600229235 /* Turtle.swift */; };
		9E34C48923291204008C7353 /* Pen.swift in Sources */ = {isa = PBXBuildFile; fileRef = 9E461B3222E5E025008AB788 /* Pen.swift */; };
		9E34C48A23291207008C7353 /* CylinderPen.swift in Sources */ = {isa = PBXBuildFile; fileRef = 9E461B3422E7017F008AB788 /* CylinderPen.swift */; };
		9E34C48B2329120B008C7353 /* RigidBodyPen.swift in Sources */ = {isa = PBXBuildFile; fileRef = 9E56C94A22E792820095C8AC /* RigidBodyPen.swift */; };
		9E34C48C2329120F008C7353 /* SkinningPen.swift in Sources */ = {isa = PBXBuildFile; fileRef = 9E56C94C22E7929B0095C8AC /* SkinningPen.swift */; };
		9E34C48D23291213008C7353 /* Rewriter.swift in Sources */ = {isa = PBXBuildFile; fileRef = 9E9C1E7F22E86B290030DB0E /* Rewriter.swift */; };
		9E34C48E23291252008C7353 /* Joint.swift in Sources */ = {isa = PBXBuildFile; fileRef = 9E56C94422E78FCF0095C8AC /* Joint.swift */; };
		9E34C49023291257008C7353 /* CompositeBody.swift in Sources */ = {isa = PBXBuildFile; fileRef = 9E56C94822E78FFC0095C8AC /* CompositeBody.swift */; };
		9E34C4912329125B008C7353 /* RigidBody.swift in Sources */ = {isa = PBXBuildFile; fileRef = 9EBEB1CB2327B3E60073E5D9 /* RigidBody.swift */; };
		9E34C49223291277008C7353 /* Math.swift in Sources */ = {isa = PBXBuildFile; fileRef = 9EE7EBC322E08E4000535997 /* Math.swift */; };
		9E34C4932329127C008C7353 /* Diagonalization.swift in Sources */ = {isa = PBXBuildFile; fileRef = 9EEC11E122EA50920078BBFD /* Diagonalization.swift */; };
		9E35D263238D7A8900EBBAD0 /* UpdateFreeBodies.metal in Sources */ = {isa = PBXBuildFile; fileRef = 9E35D262238D7A8900EBBAD0 /* UpdateFreeBodies.metal */; };
		9E35D264238D7DD200EBBAD0 /* UpdateFreeBodies.metal in Sources */ = {isa = PBXBuildFile; fileRef = 9E35D262238D7A8900EBBAD0 /* UpdateFreeBodies.metal */; };
		9E35D266238DB9B300EBBAD0 /* UpdateFreeBodies.swift in Sources */ = {isa = PBXBuildFile; fileRef = 9E35D265238DB9B300EBBAD0 /* UpdateFreeBodies.swift */; };
		9E35D267238DBC0800EBBAD0 /* UpdateFreeBodies.swift in Sources */ = {isa = PBXBuildFile; fileRef = 9E35D265238DB9B300EBBAD0 /* UpdateFreeBodies.swift */; };
		9E39374B233B803100AE1897 /* PhysicsWorld.swift in Sources */ = {isa = PBXBuildFile; fileRef = 9E39374A233B803100AE1897 /* PhysicsWorld.swift */; };
		9E40A0D72362515000C8D39C /* Main.storyboard in Resources */ = {isa = PBXBuildFile; fileRef = 9E9D4B8D22F372E4007DCF49 /* Main.storyboard */; };
		9E40A0D82362515700C8D39C /* GameViewController.swift in Sources */ = {isa = PBXBuildFile; fileRef = 9E9D4B9522F43CAE007DCF49 /* GameViewController.swift */; };
		9E40A0D92362517900C8D39C /* main.swift in Sources */ = {isa = PBXBuildFile; fileRef = 9EE7EBC922E0F27900535997 /* main.swift */; };
		9E40A0DA2362519100C8D39C /* AppDelegate.swift in Sources */ = {isa = PBXBuildFile; fileRef = 9EE7EBA122DDDC6C00535997 /* AppDelegate.swift */; };
		9E461B3722E704BD008AB788 /* CylinderTest.swift in Sources */ = {isa = PBXBuildFile; fileRef = 9E461B3622E704BD008AB788 /* CylinderTest.swift */; };
		9E49303B2386A7C400864046 /* PerlinNoise.metal in Sources */ = {isa = PBXBuildFile; fileRef = 9E49303A2386A7C400864046 /* PerlinNoise.metal */; };
		9E49303C2386A91900864046 /* PerlinNoise.metal in Sources */ = {isa = PBXBuildFile; fileRef = 9E49303A2386A7C400864046 /* PerlinNoise.metal */; };
		9E4946C223449FDE0036B7EC /* LocalitySensitiveHash.swift in Sources */ = {isa = PBXBuildFile; fileRef = 9E4946C123449FDE0036B7EC /* LocalitySensitiveHash.swift */; };
		9E4946C42344A10E0036B7EC /* LocalitySensitiveHashTests.swift in Sources */ = {isa = PBXBuildFile; fileRef = 9E4946C32344A10E0036B7EC /* LocalitySensitiveHashTests.swift */; };
		9E4946C72344AB080036B7EC /* AutoTree.swift in Sources */ = {isa = PBXBuildFile; fileRef = 9E4946C62344AB080036B7EC /* AutoTree.swift */; };
		9E4946C92344AB230036B7EC /* Node.swift in Sources */ = {isa = PBXBuildFile; fileRef = 9E4946C82344AB230036B7EC /* Node.swift */; };
		9E4946CB2344B7240036B7EC /* AutoTreeTests.swift in Sources */ = {isa = PBXBuildFile; fileRef = 9E4946CA2344B7240036B7EC /* AutoTreeTests.swift */; };
		9E4C7239237EF1AC00645574 /* MetalKernelDebugger.swift in Sources */ = {isa = PBXBuildFile; fileRef = 9ED324F62361A6C9002D1DA2 /* MetalKernelDebugger.swift */; };
		9E56C94222E76C340095C8AC /* SkinnerTest.swift in Sources */ = {isa = PBXBuildFile; fileRef = 9E56C94122E76C340095C8AC /* SkinnerTest.swift */; };
		9E80B3E6231FF74F00A700CF /* Visualization.swift in Sources */ = {isa = PBXBuildFile; fileRef = 9E57566823184C9C0036F68B /* Visualization.swift */; };
		9E8107E523478DEF003B144D /* MDLMesh+Vertices.swift in Sources */ = {isa = PBXBuildFile; fileRef = 9E8107E423478DEF003B144D /* MDLMesh+Vertices.swift */; };
		9E8255E223842EED00FBB49F /* ApplyPhysicsFields.swift in Sources */ = {isa = PBXBuildFile; fileRef = 9E0674E9230AD8290044C3C4 /* ApplyPhysicsFields.swift */; };
		9E8255E3238462E500FBB49F /* GravityField.swift in Sources */ = {isa = PBXBuildFile; fileRef = 9EAE86412332717C0037EA92 /* GravityField.swift */; };
		9E84AFC023855D81008919A8 /* WindField.swift in Sources */ = {isa = PBXBuildFile; fileRef = 9EAE8645233271BF0037EA92 /* WindField.swift */; };
		9E84AFC123855DED008919A8 /* Noise.swift in Sources */ = {isa = PBXBuildFile; fileRef = 9E1490CA2334E49500FED681 /* Noise.swift */; };
		9E8BF7502368511D00797FD7 /* UpdateJoints.swift in Sources */ = {isa = PBXBuildFile; fileRef = 9EE801A322FC450D00198166 /* UpdateJoints.swift */; };
		9E8BF75223685AB200797FD7 /* Diagonalize.metal in Sources */ = {isa = PBXBuildFile; fileRef = 9E8BF75123685AB200797FD7 /* Diagonalize.metal */; };
		9E8F711D230D86C000583AAE /* SimulatorComparisonTests.swift in Sources */ = {isa = PBXBuildFile; fileRef = 9E8F711C230D86C000583AAE /* SimulatorComparisonTests.swift */; };
		9E9C1E8222E86BC10030DB0E /* RewriterTests.swift in Sources */ = {isa = PBXBuildFile; fileRef = 9E9C1E8122E86BC10030DB0E /* RewriterTests.swift */; };
		9E9D4B7022F37244007DCF49 /* main.swift in Sources */ = {isa = PBXBuildFile; fileRef = 9EE7EBC922E0F27900535997 /* main.swift */; };
		9E9D4B7522F37244007DCF49 /* CPUSimulator.swift in Sources */ = {isa = PBXBuildFile; fileRef = 9EB2159C22E1D1B000B1C6FC /* CPUSimulator.swift */; };
		9E9D4B7822F37244007DCF49 /* AppDelegate.swift in Sources */ = {isa = PBXBuildFile; fileRef = 9EE7EBA122DDDC6C00535997 /* AppDelegate.swift */; };
		9E9D4B8322F37244007DCF49 /* Assets.xcassets in Resources */ = {isa = PBXBuildFile; fileRef = 9EE7EBA722DDDC6E00535997 /* Assets.xcassets */; };
		9E9D4B8422F37244007DCF49 /* NOTES in Resources */ = {isa = PBXBuildFile; fileRef = 9EE7EBCB22E1078200535997 /* NOTES */; };
		9E9D4B9122F37789007DCF49 /* Main.storyboard in Resources */ = {isa = PBXBuildFile; fileRef = 9E9D4B8D22F372E4007DCF49 /* Main.storyboard */; };
		9E9D4B9222F3778B007DCF49 /* LaunchScreen.storyboard in Resources */ = {isa = PBXBuildFile; fileRef = 9E9D4B8F22F373DA007DCF49 /* LaunchScreen.storyboard */; };
		9E9D4B9722F43D43007DCF49 /* GameViewController.swift in Sources */ = {isa = PBXBuildFile; fileRef = 9E9D4B9522F43CAE007DCF49 /* GameViewController.swift */; };
		9E9D4B9822F43D98007DCF49 /* Scene.swift in Sources */ = {isa = PBXBuildFile; fileRef = 9E9D4B9322F438FA007DCF49 /* Scene.swift */; };
		9E9D4B9A22F44123007DCF49 /* Info.plist in Resources */ = {isa = PBXBuildFile; fileRef = 9E9D4B9922F44123007DCF49 /* Info.plist */; };
		9EA52EC5234F4A4200463E51 /* Check.swift in Sources */ = {isa = PBXBuildFile; fileRef = 9EA52EC4234F4A4200463E51 /* Check.swift */; };
		9EA52EC7234F573000463E51 /* Config.swift in Sources */ = {isa = PBXBuildFile; fileRef = 9EA52EC6234F573000463E51 /* Config.swift */; };
		9EAA0D35237C931600FC9B81 /* MetalSimulator.swift in Sources */ = {isa = PBXBuildFile; fileRef = 9E8F711E230D87C200583AAE /* MetalSimulator.swift */; };
		9EAA0D36237C972C00FC9B81 /* Visualization.swift in Sources */ = {isa = PBXBuildFile; fileRef = 9E57566823184C9C0036F68B /* Visualization.swift */; };
		9EAA0D37237D64BD00FC9B81 /* Check.swift in Sources */ = {isa = PBXBuildFile; fileRef = 9EA52EC4234F4A4200463E51 /* Check.swift */; };
		9EAA8C0A232923D2002E9260 /* ApplyPhysicsFields.swift in Sources */ = {isa = PBXBuildFile; fileRef = 9E0674E9230AD8290044C3C4 /* ApplyPhysicsFields.swift */; };
		9EAA8C0C232923FD002E9260 /* MetalKernalEncoder.swift in Sources */ = {isa = PBXBuildFile; fileRef = 9EE801A522FC451E00198166 /* MetalKernalEncoder.swift */; };
		9EAA8C0E23292408002E9260 /* UpdateCompositeBodies.swift in Sources */ = {isa = PBXBuildFile; fileRef = 9EE724FF22F84CCE000D0A2F /* UpdateCompositeBodies.swift */; };
		9EAA8C0F2329240C002E9260 /* UpdateRigidBodies.swift in Sources */ = {isa = PBXBuildFile; fileRef = 9E31BE9522FDABE800AF908B /* UpdateRigidBodies.swift */; };
		9EAA8C1023292411002E9260 /* UpdateJoints.swift in Sources */ = {isa = PBXBuildFile; fileRef = 9EE801A322FC450D00198166 /* UpdateJoints.swift */; };
		9EAA8C132329242C002E9260 /* CPUSimulator.swift in Sources */ = {isa = PBXBuildFile; fileRef = 9EB2159C22E1D1B000B1C6FC /* CPUSimulator.swift */; };
		9EAA8C1423292430002E9260 /* PhysicsField.swift in Sources */ = {isa = PBXBuildFile; fileRef = 9E9D4B6522F313D0007DCF49 /* PhysicsField.swift */; };
		9EAA8C1523292434002E9260 /* MetalSimulator.swift in Sources */ = {isa = PBXBuildFile; fileRef = 9E8F711E230D87C200583AAE /* MetalSimulator.swift */; };
		9EAA8C162329243A002E9260 /* MetalProxy.swift in Sources */ = {isa = PBXBuildFile; fileRef = 9E6372A122FEC7AA001D4466 /* MetalProxy.swift */; };
		9EAA8C1723292440002E9260 /* PrettyPrint.swift in Sources */ = {isa = PBXBuildFile; fileRef = 9EA619CB230AE78400BE2213 /* PrettyPrint.swift */; };
		9EAA8C1823292444002E9260 /* Visualization.swift in Sources */ = {isa = PBXBuildFile; fileRef = 9E57566823184C9C0036F68B /* Visualization.swift */; };
		9EAA8C19232925E3002E9260 /* Scene.swift in Sources */ = {isa = PBXBuildFile; fileRef = 9E9D4B9322F438FA007DCF49 /* Scene.swift */; };
		9EAAAB65234B448B00157B45 /* GrowthSimulator.swift in Sources */ = {isa = PBXBuildFile; fileRef = 9EAAAB64234B448B00157B45 /* GrowthSimulator.swift */; };
		9EAE862D232A671B0037EA92 /* ApplyPhysicsFields.metal in Sources */ = {isa = PBXBuildFile; fileRef = 9E0674E7230AD4590044C3C4 /* ApplyPhysicsFields.metal */; };
		9EAE862E232A671E0037EA92 /* UpdateCompositeBodies.metal in Sources */ = {isa = PBXBuildFile; fileRef = 9E3351C222F8417000FDC3D6 /* UpdateCompositeBodies.metal */; };
		9EAE862F232A67210037EA92 /* UpdateJoints.metal in Sources */ = {isa = PBXBuildFile; fileRef = 9EE801A922FC468700198166 /* UpdateJoints.metal */; };
		9EAE8630232A67240037EA92 /* UpdateRigidBodies.metal in Sources */ = {isa = PBXBuildFile; fileRef = 9E31BE9722FDAE4600AF908B /* UpdateRigidBodies.metal */; };
		9EAE8631232A67270037EA92 /* Math.metal in Sources */ = {isa = PBXBuildFile; fileRef = 9EE801AB22FC483B00198166 /* Math.metal */; };
		9EAE8632232A672A0037EA92 /* Print.metal in Sources */ = {isa = PBXBuildFile; fileRef = 9E8E27BE2307335300652DAC /* Print.metal */; };
		9EAE8633232A67330037EA92 /* Debug.metal in Sources */ = {isa = PBXBuildFile; fileRef = 9EA7010B231064F3009077A0 /* Debug.metal */; };
		9EAE8636232A67AA0037EA92 /* ApplyPhysicsFields.metal in Sources */ = {isa = PBXBuildFile; fileRef = 9E0674E7230AD4590044C3C4 /* ApplyPhysicsFields.metal */; };
		9EAE8637232A67AD0037EA92 /* UpdateCompositeBodies.metal in Sources */ = {isa = PBXBuildFile; fileRef = 9E3351C222F8417000FDC3D6 /* UpdateCompositeBodies.metal */; };
		9EAE8638232A67F70037EA92 /* UpdateJoints.metal in Sources */ = {isa = PBXBuildFile; fileRef = 9EE801A922FC468700198166 /* UpdateJoints.metal */; };
		9EAE8639232A67FA0037EA92 /* UpdateRigidBodies.metal in Sources */ = {isa = PBXBuildFile; fileRef = 9E31BE9722FDAE4600AF908B /* UpdateRigidBodies.metal */; };
		9EAE863A232A67FE0037EA92 /* Math.metal in Sources */ = {isa = PBXBuildFile; fileRef = 9EE801AB22FC483B00198166 /* Math.metal */; };
		9EAE863B232A68010037EA92 /* Print.metal in Sources */ = {isa = PBXBuildFile; fileRef = 9E8E27BE2307335300652DAC /* Print.metal */; };
		9EAE863C232A68040037EA92 /* Debug.metal in Sources */ = {isa = PBXBuildFile; fileRef = 9EA7010B231064F3009077A0 /* Debug.metal */; };
		9EAE86422332717C0037EA92 /* GravityField.swift in Sources */ = {isa = PBXBuildFile; fileRef = 9EAE86412332717C0037EA92 /* GravityField.swift */; };
		9EAE8644233271910037EA92 /* AttractorField.swift in Sources */ = {isa = PBXBuildFile; fileRef = 9EAE8643233271910037EA92 /* AttractorField.swift */; };
		9EAE8646233271BF0037EA92 /* WindField.swift in Sources */ = {isa = PBXBuildFile; fileRef = 9EAE8645233271BF0037EA92 /* WindField.swift */; };
		9EC6A4E8234C9B4900E43FE9 /* ShadowGrid.swift in Sources */ = {isa = PBXBuildFile; fileRef = 9EC6A4E7234C9B4900E43FE9 /* ShadowGrid.swift */; };
		9EC88E25231989930049737D /* ModelTests.swift in Sources */ = {isa = PBXBuildFile; fileRef = 9EC88E24231989930049737D /* ModelTests.swift */; };
		9EC8A1EE238C072700CA0F3B /* FreeBodies.metal in Sources */ = {isa = PBXBuildFile; fileRef = 9EC8A1ED238C072700CA0F3B /* FreeBodies.metal */; };
		9EC8A1EF238C08D400CA0F3B /* FreeBodies.metal in Sources */ = {isa = PBXBuildFile; fileRef = 9EC8A1ED238C072700CA0F3B /* FreeBodies.metal */; };
		9EC8A1F1238C577000CA0F3B /* FreeBodies.swift in Sources */ = {isa = PBXBuildFile; fileRef = 9EC8A1F0238C577000CA0F3B /* FreeBodies.swift */; };
		9EC8A1F2238C5B4500CA0F3B /* FreeBodies.swift in Sources */ = {isa = PBXBuildFile; fileRef = 9EC8A1F0238C577000CA0F3B /* FreeBodies.swift */; };
		9ED324F72361A6C9002D1DA2 /* MetalKernelDebugger.swift in Sources */ = {isa = PBXBuildFile; fileRef = 9ED324F62361A6C9002D1DA2 /* MetalKernelDebugger.swift */; };
		9ED86B2223704AA300A0913A /* df64_qf128.pdf in Resources */ = {isa = PBXBuildFile; fileRef = 9ED86B2123704AA300A0913A /* df64_qf128.pdf */; };
		9ED86B2423704ABE00A0913A /* RobustEigenSymmetric3x3.pdf in Resources */ = {isa = PBXBuildFile; fileRef = 9ED86B2323704ABE00A0913A /* RobustEigenSymmetric3x3.pdf */; };
		9EDAD5A92361ABDD007EF889 /* Tree.swift in Sources */ = {isa = PBXBuildFile; fileRef = 9EDAD5A82361ABDD007EF889 /* Tree.swift */; };
		9EE0BD6B236B2B78000A8AB3 /* Eigensolver.c in Sources */ = {isa = PBXBuildFile; fileRef = 9EE0BD6A236B2B78000A8AB3 /* Eigensolver.c */; };
		9EE0BD6D236B2C23000A8AB3 /* Eigensolver.c in Sources */ = {isa = PBXBuildFile; fileRef = 9EE0BD6A236B2B78000A8AB3 /* Eigensolver.c */; };
		9EE3F923237C13A200E86D81 /* SharedBuffersMetalDevice.swift in Sources */ = {isa = PBXBuildFile; fileRef = 9EE3F922237C13A200E86D81 /* SharedBuffersMetalDevice.swift */; };
		9EE4DF98237ECFA90030F4FD /* CPUSimulator.swift in Sources */ = {isa = PBXBuildFile; fileRef = 9EB2159C22E1D1B000B1C6FC /* CPUSimulator.swift */; };
		9EE7EBA222DDDC6C00535997 /* AppDelegate.swift in Sources */ = {isa = PBXBuildFile; fileRef = 9EE7EBA122DDDC6C00535997 /* AppDelegate.swift */; };
		9EE7EBA422DDDC6C00535997 /* GameViewController.swift in Sources */ = {isa = PBXBuildFile; fileRef = 9EE7EBA322DDDC6C00535997 /* GameViewController.swift */; };
		9EE7EBA822DDDC6E00535997 /* Assets.xcassets in Resources */ = {isa = PBXBuildFile; fileRef = 9EE7EBA722DDDC6E00535997 /* Assets.xcassets */; };
		9EE7EBAB22DDDC6E00535997 /* Main.storyboard in Resources */ = {isa = PBXBuildFile; fileRef = 9EE7EBA922DDDC6E00535997 /* Main.storyboard */; };
		9EE7EBBC22DE1AD100535997 /* CPUSimulatorTests.swift in Sources */ = {isa = PBXBuildFile; fileRef = 9EE7EBBB22DE1AD100535997 /* CPUSimulatorTests.swift */; };
		9EE7EBCA22E0F27900535997 /* main.swift in Sources */ = {isa = PBXBuildFile; fileRef = 9EE7EBC922E0F27900535997 /* main.swift */; };
		9EE801A222FC44AC00198166 /* TestHelper.swift in Sources */ = {isa = PBXBuildFile; fileRef = 9EE801A122FC44AC00198166 /* TestHelper.swift */; };
		9EEC11E022EA23000078BBFD /* MathTests.swift in Sources */ = {isa = PBXBuildFile; fileRef = 9EEC11DF22EA23000078BBFD /* MathTests.swift */; };
		9EF29FC72374391000AF72FC /* Half.h in Headers */ = {isa = PBXBuildFile; fileRef = 9EF29FC52374391000AF72FC /* Half.h */; };
		9EF29FC82374391000AF72FC /* Half.c in Sources */ = {isa = PBXBuildFile; fileRef = 9EF29FC62374391000AF72FC /* Half.c */; };
		9EF29FC92374391000AF72FC /* Half.c in Sources */ = {isa = PBXBuildFile; fileRef = 9EF29FC62374391000AF72FC /* Half.c */; };
		9EF3361F233C1AEF005F0C29 /* ArticulatedRigidBody.swift in Sources */ = {isa = PBXBuildFile; fileRef = 9EF3361E233C1AEF005F0C29 /* ArticulatedRigidBody.swift */; };
		9EF46F0E2362418600AEC82F /* ArticulatedRigidBody.swift in Sources */ = {isa = PBXBuildFile; fileRef = 9EF3361E233C1AEF005F0C29 /* ArticulatedRigidBody.swift */; };
		9EF46F0F2362418D00AEC82F /* RigidBodyPen.swift in Sources */ = {isa = PBXBuildFile; fileRef = 9E56C94A22E792820095C8AC /* RigidBodyPen.swift */; };
		9EF46F102362419400AEC82F /* Rewriter.swift in Sources */ = {isa = PBXBuildFile; fileRef = 9E9C1E7F22E86B290030DB0E /* Rewriter.swift */; };
		9EF46F112362419C00AEC82F /* Turtle.swift in Sources */ = {isa = PBXBuildFile; fileRef = 9E036B1E22E4F58600229235 /* Turtle.swift */; };
		9EF46F12236241A500AEC82F /* UpdateCompositeBodies.swift in Sources */ = {isa = PBXBuildFile; fileRef = 9EE724FF22F84CCE000D0A2F /* UpdateCompositeBodies.swift */; };
		9EF46F13236241B400AEC82F /* MetalKernalEncoder.swift in Sources */ = {isa = PBXBuildFile; fileRef = 9EE801A522FC451E00198166 /* MetalKernalEncoder.swift */; };
		9EF46F14236241E600AEC82F /* RigidBody.swift in Sources */ = {isa = PBXBuildFile; fileRef = 9EBEB1CB2327B3E60073E5D9 /* RigidBody.swift */; };
		9EF46F15236241EC00AEC82F /* Joint.swift in Sources */ = {isa = PBXBuildFile; fileRef = 9E56C94422E78FCF0095C8AC /* Joint.swift */; };
		9EF46F16236241F300AEC82F /* Math.swift in Sources */ = {isa = PBXBuildFile; fileRef = 9EE7EBC322E08E4000535997 /* Math.swift */; };
		9EF46F17236241FD00AEC82F /* Tree.swift in Sources */ = {isa = PBXBuildFile; fileRef = 9EDAD5A82361ABDD007EF889 /* Tree.swift */; };
		9EF46F182362420E00AEC82F /* Pen.swift in Sources */ = {isa = PBXBuildFile; fileRef = 9E461B3222E5E025008AB788 /* Pen.swift */; };
		9EF46F192362422E00AEC82F /* CompositeBody.swift in Sources */ = {isa = PBXBuildFile; fileRef = 9E56C94822E78FFC0095C8AC /* CompositeBody.swift */; };
		9EF46F1A2362424900AEC82F /* PhysicsWorld.swift in Sources */ = {isa = PBXBuildFile; fileRef = 9E39374A233B803100AE1897 /* PhysicsWorld.swift */; };
		9EF46F1B2362425600AEC82F /* PhysicsField.swift in Sources */ = {isa = PBXBuildFile; fileRef = 9E9D4B6522F313D0007DCF49 /* PhysicsField.swift */; };
		9EF46F1C2362426300AEC82F /* Diagonalization.swift in Sources */ = {isa = PBXBuildFile; fileRef = 9EEC11E122EA50920078BBFD /* Diagonalization.swift */; };
		9EF46F222362439700AEC82F /* ApplyPhysicsFields.metal in Sources */ = {isa = PBXBuildFile; fileRef = 9E0674E7230AD4590044C3C4 /* ApplyPhysicsFields.metal */; };
		9EF46F232362439A00AEC82F /* UpdateCompositeBodies.metal in Sources */ = {isa = PBXBuildFile; fileRef = 9E3351C222F8417000FDC3D6 /* UpdateCompositeBodies.metal */; };
		9EF46F242362439D00AEC82F /* UpdateJoints.metal in Sources */ = {isa = PBXBuildFile; fileRef = 9EE801A922FC468700198166 /* UpdateJoints.metal */; };
		9EF46F25236243A000AEC82F /* UpdateRigidBodies.metal in Sources */ = {isa = PBXBuildFile; fileRef = 9E31BE9722FDAE4600AF908B /* UpdateRigidBodies.metal */; };
		9EF46F26236243A300AEC82F /* Math.metal in Sources */ = {isa = PBXBuildFile; fileRef = 9EE801AB22FC483B00198166 /* Math.metal */; };
		9EF46F27236243A600AEC82F /* Print.metal in Sources */ = {isa = PBXBuildFile; fileRef = 9E8E27BE2307335300652DAC /* Print.metal */; };
		9EF46F28236243AF00AEC82F /* Debug.metal in Sources */ = {isa = PBXBuildFile; fileRef = 9EA7010B231064F3009077A0 /* Debug.metal */; };
/* End PBXBuildFile section */

/* Begin PBXContainerItemProxy section */
		9E40A0D5236250A700C8D39C /* PBXContainerItemProxy */ = {
			isa = PBXContainerItemProxy;
			containerPortal = 9EE7EB9622DDDC6C00535997 /* Project object */;
			proxyType = 1;
			remoteGlobalIDString = 9E34C47F232911C6008C7353;
			remoteInfo = TreePhysics;
		};
		9E7687F5232922EE003C5A9C /* PBXContainerItemProxy */ = {
			isa = PBXContainerItemProxy;
			containerPortal = 9EE7EB9622DDDC6C00535997 /* Project object */;
			proxyType = 1;
			remoteGlobalIDString = 9E34C47F232911C6008C7353;
			remoteInfo = TreePhysics;
		};
		9EBA38DC2362453C007D33EA /* PBXContainerItemProxy */ = {
			isa = PBXContainerItemProxy;
			containerPortal = 9EE7EB9622DDDC6C00535997 /* Project object */;
			proxyType = 1;
			remoteGlobalIDString = 9EE7EB9D22DDDC6C00535997;
			remoteInfo = "TreePhysics-macOS";
		};
		9EC1DE86233A5630003D7B7B /* PBXContainerItemProxy */ = {
			isa = PBXContainerItemProxy;
			containerPortal = 9EE7EB9622DDDC6C00535997 /* Project object */;
			proxyType = 1;
			remoteGlobalIDString = 9E34C47F232911C6008C7353;
			remoteInfo = TreePhysics;
		};
/* End PBXContainerItemProxy section */

/* Begin PBXFileReference section */
		9E036B1B22E4F4A700229235 /* TurtleTests.swift */ = {isa = PBXFileReference; lastKnownFileType = sourcecode.swift; path = TurtleTests.swift; sourceTree = "<group>"; };
		9E036B1E22E4F58600229235 /* Turtle.swift */ = {isa = PBXFileReference; lastKnownFileType = sourcecode.swift; path = Turtle.swift; sourceTree = "<group>"; };
		9E0674E7230AD4590044C3C4 /* ApplyPhysicsFields.metal */ = {isa = PBXFileReference; lastKnownFileType = sourcecode.metal; path = ApplyPhysicsFields.metal; sourceTree = "<group>"; };
		9E0674E9230AD8290044C3C4 /* ApplyPhysicsFields.swift */ = {isa = PBXFileReference; lastKnownFileType = sourcecode.swift; path = ApplyPhysicsFields.swift; sourceTree = "<group>"; };
		9E08F85F2316FEC700D48ADD /* sensors-11-08536.pdf */ = {isa = PBXFileReference; lastKnownFileType = image.pdf; path = "sensors-11-08536.pdf"; sourceTree = "<group>"; };
		9E1223BF2364539200692A72 /* MemoryLayoutManager.swift */ = {isa = PBXFileReference; lastKnownFileType = sourcecode.swift; path = MemoryLayoutManager.swift; sourceTree = "<group>"; };
		9E1490CA2334E49500FED681 /* Noise.swift */ = {isa = PBXFileReference; lastKnownFileType = sourcecode.swift; path = Noise.swift; sourceTree = "<group>"; };
		9E1C70F8230C6FB200DA9929 /* SCRATCH */ = {isa = PBXFileReference; lastKnownFileType = text; path = SCRATCH; sourceTree = "<group>"; };
		9E1F427F23290694009E0E52 /* TreePhysics.h */ = {isa = PBXFileReference; lastKnownFileType = sourcecode.c.h; path = TreePhysics.h; sourceTree = "<group>"; };
		9E1F428023290694009E0E52 /* Info.plist */ = {isa = PBXFileReference; lastKnownFileType = text.plist.xml; path = Info.plist; sourceTree = "<group>"; };
		9E27B86022FA39920030664E /* RigidBodyTests.swift */ = {isa = PBXFileReference; lastKnownFileType = sourcecode.swift; path = RigidBodyTests.swift; sourceTree = "<group>"; };
		9E31BE9522FDABE800AF908B /* UpdateRigidBodies.swift */ = {isa = PBXFileReference; lastKnownFileType = sourcecode.swift; path = UpdateRigidBodies.swift; sourceTree = "<group>"; };
		9E31BE9722FDAE4600AF908B /* UpdateRigidBodies.metal */ = {isa = PBXFileReference; lastKnownFileType = sourcecode.metal; path = UpdateRigidBodies.metal; sourceTree = "<group>"; };
		9E3351C022F83DDF00FDC3D6 /* MetalTests.swift */ = {isa = PBXFileReference; lastKnownFileType = sourcecode.swift; path = MetalTests.swift; sourceTree = "<group>"; };
		9E3351C222F8417000FDC3D6 /* UpdateCompositeBodies.metal */ = {isa = PBXFileReference; lastKnownFileType = sourcecode.metal; path = UpdateCompositeBodies.metal; sourceTree = "<group>"; };
		9E34C47A2329107A008C7353 /* module.modulemap */ = {isa = PBXFileReference; lastKnownFileType = "sourcecode.module-map"; path = module.modulemap; sourceTree = "<group>"; };
		9E34C480232911C6008C7353 /* TreePhysics.framework */ = {isa = PBXFileReference; explicitFileType = wrapper.framework; includeInIndex = 0; path = TreePhysics.framework; sourceTree = BUILT_PRODUCTS_DIR; };
		9E34C482232911C6008C7353 /* TreePhysics.h */ = {isa = PBXFileReference; lastKnownFileType = sourcecode.c.h; path = TreePhysics.h; sourceTree = "<group>"; };
		9E34C483232911C6008C7353 /* Info.plist */ = {isa = PBXFileReference; lastKnownFileType = text.plist.xml; path = Info.plist; sourceTree = "<group>"; };
		9E35D262238D7A8900EBBAD0 /* UpdateFreeBodies.metal */ = {isa = PBXFileReference; lastKnownFileType = sourcecode.metal; path = UpdateFreeBodies.metal; sourceTree = "<group>"; };
		9E35D265238DB9B300EBBAD0 /* UpdateFreeBodies.swift */ = {isa = PBXFileReference; lastKnownFileType = sourcecode.swift; path = UpdateFreeBodies.swift; sourceTree = "<group>"; };
		9E39374A233B803100AE1897 /* PhysicsWorld.swift */ = {isa = PBXFileReference; lastKnownFileType = sourcecode.swift; path = PhysicsWorld.swift; sourceTree = "<group>"; };
		9E461B3222E5E025008AB788 /* Pen.swift */ = {isa = PBXFileReference; lastKnownFileType = sourcecode.swift; path = Pen.swift; sourceTree = "<group>"; };
		9E461B3422E7017F008AB788 /* CylinderPen.swift */ = {isa = PBXFileReference; lastKnownFileType = sourcecode.swift; path = CylinderPen.swift; sourceTree = "<group>"; };
		9E461B3622E704BD008AB788 /* CylinderTest.swift */ = {isa = PBXFileReference; lastKnownFileType = sourcecode.swift; path = CylinderTest.swift; sourceTree = "<group>"; };
		9E4930392386A7BA00864046 /* PerlinNoise.h */ = {isa = PBXFileReference; lastKnownFileType = sourcecode.c.h; path = PerlinNoise.h; sourceTree = "<group>"; };
		9E49303A2386A7C400864046 /* PerlinNoise.metal */ = {isa = PBXFileReference; lastKnownFileType = sourcecode.metal; path = PerlinNoise.metal; sourceTree = "<group>"; xcLanguageSpecificationIdentifier = xcode.lang.metal; };
		9E4946C123449FDE0036B7EC /* LocalitySensitiveHash.swift */ = {isa = PBXFileReference; lastKnownFileType = sourcecode.swift; path = LocalitySensitiveHash.swift; sourceTree = "<group>"; };
		9E4946C32344A10E0036B7EC /* LocalitySensitiveHashTests.swift */ = {isa = PBXFileReference; lastKnownFileType = sourcecode.swift; path = LocalitySensitiveHashTests.swift; sourceTree = "<group>"; };
		9E4946C62344AB080036B7EC /* AutoTree.swift */ = {isa = PBXFileReference; lastKnownFileType = sourcecode.swift; path = AutoTree.swift; sourceTree = "<group>"; };
		9E4946C82344AB230036B7EC /* Node.swift */ = {isa = PBXFileReference; lastKnownFileType = sourcecode.swift; path = Node.swift; sourceTree = "<group>"; };
		9E4946CA2344B7240036B7EC /* AutoTreeTests.swift */ = {isa = PBXFileReference; lastKnownFileType = sourcecode.swift; path = AutoTreeTests.swift; sourceTree = "<group>"; };
		9E4C09F9230ED46D00F1DD6B /* 606_delivering_optimized_metal_apps_and_games.pdf */ = {isa = PBXFileReference; lastKnownFileType = image.pdf; path = 606_delivering_optimized_metal_apps_and_games.pdf; sourceTree = "<group>"; };
		9E4C09FB230ED4B300F1DD6B /* stanford2017-01.pdf */ = {isa = PBXFileReference; lastKnownFileType = image.pdf; path = "stanford2017-01.pdf"; sourceTree = "<group>"; };
		9E4C09FC230ED50E00F1DD6B /* hanan.dis1992.pdf */ = {isa = PBXFileReference; lastKnownFileType = image.pdf; path = hanan.dis1992.pdf; sourceTree = "<group>"; };
		9E4C09FE230F11D900F1DD6B /* TODO */ = {isa = PBXFileReference; lastKnownFileType = text; path = TODO; sourceTree = "<group>"; };
		9E56C94122E76C340095C8AC /* SkinnerTest.swift */ = {isa = PBXFileReference; lastKnownFileType = sourcecode.swift; path = SkinnerTest.swift; sourceTree = "<group>"; };
		9E56C94422E78FCF0095C8AC /* Joint.swift */ = {isa = PBXFileReference; lastKnownFileType = sourcecode.swift; path = Joint.swift; sourceTree = "<group>"; };
		9E56C94822E78FFC0095C8AC /* CompositeBody.swift */ = {isa = PBXFileReference; lastKnownFileType = sourcecode.swift; path = CompositeBody.swift; sourceTree = "<group>"; };
		9E56C94A22E792820095C8AC /* RigidBodyPen.swift */ = {isa = PBXFileReference; lastKnownFileType = sourcecode.swift; path = RigidBodyPen.swift; sourceTree = "<group>"; };
		9E56C94C22E7929B0095C8AC /* SkinningPen.swift */ = {isa = PBXFileReference; lastKnownFileType = sourcecode.swift; path = SkinningPen.swift; sourceTree = "<group>"; };
		9E57566823184C9C0036F68B /* Visualization.swift */ = {isa = PBXFileReference; lastKnownFileType = sourcecode.swift; path = Visualization.swift; sourceTree = "<group>"; };
		9E58CEEF23759D3A002FA7F1 /* Math.h */ = {isa = PBXFileReference; lastKnownFileType = sourcecode.c.h; path = Math.h; sourceTree = "<group>"; };
		9E58CF1323784B78002FA7F1 /* JacobianSweep.h */ = {isa = PBXFileReference; lastKnownFileType = sourcecode.c.h; path = JacobianSweep.h; sourceTree = "<group>"; xcLanguageSpecificationIdentifier = xcode.lang.metal; };
		9E62078322F8A7E6005E99C8 /* ShaderTypes.h */ = {isa = PBXFileReference; lastKnownFileType = sourcecode.c.h; path = ShaderTypes.h; sourceTree = "<group>"; };
		9E6372A122FEC7AA001D4466 /* MetalProxy.swift */ = {isa = PBXFileReference; lastKnownFileType = sourcecode.swift; path = MetalProxy.swift; sourceTree = "<group>"; };
		9E656A15234F971C00818C32 /* TreePhysics-benchmark.app */ = {isa = PBXFileReference; explicitFileType = wrapper.application; includeInIndex = 0; path = "TreePhysics-benchmark.app"; sourceTree = BUILT_PRODUCTS_DIR; };
		9E656A18234F973C00818C32 /* main.swift */ = {isa = PBXFileReference; lastKnownFileType = sourcecode.swift; path = main.swift; sourceTree = "<group>"; };
		9E8024B3230FD2BD0019B482 /* longay.th2014.pdf */ = {isa = PBXFileReference; lastKnownFileType = image.pdf; path = longay.th2014.pdf; sourceTree = "<group>"; };
		9E8024B4230FD2BE0019B482 /* colonization.egwnp2007.large.pdf */ = {isa = PBXFileReference; lastKnownFileType = image.pdf; path = colonization.egwnp2007.large.pdf; sourceTree = "<group>"; };
		9E8024B5230FD2BE0019B482 /* MIT16_07F09_Lec26.pdf */ = {isa = PBXFileReference; lastKnownFileType = image.pdf; path = MIT16_07F09_Lec26.pdf; sourceTree = "<group>"; };
		9E8024B6230FD2BF0019B482 /* selforg.sig2009.pdf */ = {isa = PBXFileReference; lastKnownFileType = image.pdf; path = selforg.sig2009.pdf; sourceTree = "<group>"; };
		9E8024B7230FEC1E0019B482 /* Metal-Shading-Language-Specification.pdf */ = {isa = PBXFileReference; lastKnownFileType = image.pdf; path = "Metal-Shading-Language-Specification.pdf"; sourceTree = "<group>"; };
		9E8107E423478DEF003B144D /* MDLMesh+Vertices.swift */ = {isa = PBXFileReference; lastKnownFileType = sourcecode.swift; path = "MDLMesh+Vertices.swift"; sourceTree = "<group>"; };
		9E8BF75123685AB200797FD7 /* Diagonalize.metal */ = {isa = PBXFileReference; lastKnownFileType = sourcecode.metal; path = Diagonalize.metal; sourceTree = "<group>"; xcLanguageSpecificationIdentifier = xcode.lang.metal; };
		9E8E27BE2307335300652DAC /* Print.metal */ = {isa = PBXFileReference; lastKnownFileType = sourcecode.metal; path = Print.metal; sourceTree = "<group>"; };
		9E8F711C230D86C000583AAE /* SimulatorComparisonTests.swift */ = {isa = PBXFileReference; lastKnownFileType = sourcecode.swift; path = SimulatorComparisonTests.swift; sourceTree = "<group>"; };
		9E8F711E230D87C200583AAE /* MetalSimulator.swift */ = {isa = PBXFileReference; lastKnownFileType = sourcecode.swift; path = MetalSimulator.swift; sourceTree = "<group>"; };
		9E9C1E7F22E86B290030DB0E /* Rewriter.swift */ = {isa = PBXFileReference; lastKnownFileType = sourcecode.swift; path = Rewriter.swift; sourceTree = "<group>"; };
		9E9C1E8122E86BC10030DB0E /* RewriterTests.swift */ = {isa = PBXFileReference; lastKnownFileType = sourcecode.swift; path = RewriterTests.swift; sourceTree = "<group>"; };
		9E9D4B6522F313D0007DCF49 /* PhysicsField.swift */ = {isa = PBXFileReference; lastKnownFileType = sourcecode.swift; path = PhysicsField.swift; sourceTree = "<group>"; };
		9E9D4B8922F37244007DCF49 /* TreePhysics_iOS.app */ = {isa = PBXFileReference; explicitFileType = wrapper.application; includeInIndex = 0; path = TreePhysics_iOS.app; sourceTree = BUILT_PRODUCTS_DIR; };
		9E9D4B8D22F372E4007DCF49 /* Main.storyboard */ = {isa = PBXFileReference; lastKnownFileType = file.storyboard; path = Main.storyboard; sourceTree = "<group>"; };
		9E9D4B8F22F373DA007DCF49 /* LaunchScreen.storyboard */ = {isa = PBXFileReference; lastKnownFileType = file.storyboard; path = LaunchScreen.storyboard; sourceTree = "<group>"; };
		9E9D4B9322F438FA007DCF49 /* Scene.swift */ = {isa = PBXFileReference; lastKnownFileType = sourcecode.swift; path = Scene.swift; sourceTree = "<group>"; };
		9E9D4B9522F43CAE007DCF49 /* GameViewController.swift */ = {isa = PBXFileReference; lastKnownFileType = sourcecode.swift; path = GameViewController.swift; sourceTree = "<group>"; };
		9E9D4B9922F44123007DCF49 /* Info.plist */ = {isa = PBXFileReference; lastKnownFileType = text.plist.xml; path = Info.plist; sourceTree = "<group>"; };
		9EA52EC4234F4A4200463E51 /* Check.swift */ = {isa = PBXFileReference; lastKnownFileType = sourcecode.swift; path = Check.swift; sourceTree = "<group>"; };
		9EA52EC6234F573000463E51 /* Config.swift */ = {isa = PBXFileReference; lastKnownFileType = sourcecode.swift; path = Config.swift; sourceTree = "<group>"; };
		9EA619CB230AE78400BE2213 /* PrettyPrint.swift */ = {isa = PBXFileReference; lastKnownFileType = sourcecode.swift; path = PrettyPrint.swift; sourceTree = "<group>"; };
		9EA7010B231064F3009077A0 /* Debug.metal */ = {isa = PBXFileReference; lastKnownFileType = sourcecode.metal; path = Debug.metal; sourceTree = "<group>"; };
		9EA7010D23121808009077A0 /* MIT18_03SCF11_s13_2text.pdf */ = {isa = PBXFileReference; lastKnownFileType = image.pdf; path = MIT18_03SCF11_s13_2text.pdf; sourceTree = "<group>"; };
		9EAAAB64234B448B00157B45 /* GrowthSimulator.swift */ = {isa = PBXFileReference; lastKnownFileType = sourcecode.swift; path = GrowthSimulator.swift; sourceTree = "<group>"; };
		9EAE863F232BCBB10037EA92 /* tanabe94.pdf */ = {isa = PBXFileReference; lastKnownFileType = image.pdf; path = tanabe94.pdf; sourceTree = "<group>"; };
		9EAE86412332717C0037EA92 /* GravityField.swift */ = {isa = PBXFileReference; lastKnownFileType = sourcecode.swift; path = GravityField.swift; sourceTree = "<group>"; };
		9EAE8643233271910037EA92 /* AttractorField.swift */ = {isa = PBXFileReference; lastKnownFileType = sourcecode.swift; path = AttractorField.swift; sourceTree = "<group>"; };
		9EAE8645233271BF0037EA92 /* WindField.swift */ = {isa = PBXFileReference; lastKnownFileType = sourcecode.swift; path = WindField.swift; sourceTree = "<group>"; };
		9EB2159C22E1D1B000B1C6FC /* CPUSimulator.swift */ = {isa = PBXFileReference; lastKnownFileType = sourcecode.swift; path = CPUSimulator.swift; sourceTree = "<group>"; };
		9EBEB1CB2327B3E60073E5D9 /* RigidBody.swift */ = {isa = PBXFileReference; lastKnownFileType = sourcecode.swift; path = RigidBody.swift; sourceTree = "<group>"; };
		9EBEB1CF2329052A0073E5D9 /* Playground.playground */ = {isa = PBXFileReference; lastKnownFileType = file.playground; path = Playground.playground; sourceTree = "<group>"; xcLanguageSpecificationIdentifier = xcode.lang.swift; };
		9EC6A4E6234C999100E43FE9 /* TreeSketch.SBM2012.pdf */ = {isa = PBXFileReference; lastKnownFileType = image.pdf; path = TreeSketch.SBM2012.pdf; sourceTree = "<group>"; };
		9EC6A4E7234C9B4900E43FE9 /* ShadowGrid.swift */ = {isa = PBXFileReference; lastKnownFileType = sourcecode.swift; path = ShadowGrid.swift; sourceTree = "<group>"; };
		9EC88E24231989930049737D /* ModelTests.swift */ = {isa = PBXFileReference; lastKnownFileType = sourcecode.swift; path = ModelTests.swift; sourceTree = "<group>"; };
		9EC8A1ED238C072700CA0F3B /* FreeBodies.metal */ = {isa = PBXFileReference; lastKnownFileType = sourcecode.metal; path = FreeBodies.metal; sourceTree = "<group>"; };
		9EC8A1F0238C577000CA0F3B /* FreeBodies.swift */ = {isa = PBXFileReference; lastKnownFileType = sourcecode.swift; path = FreeBodies.swift; sourceTree = "<group>"; };
		9ED324F62361A6C9002D1DA2 /* MetalKernelDebugger.swift */ = {isa = PBXFileReference; lastKnownFileType = sourcecode.swift; path = MetalKernelDebugger.swift; sourceTree = "<group>"; };
		9ED86B2123704AA300A0913A /* df64_qf128.pdf */ = {isa = PBXFileReference; lastKnownFileType = image.pdf; path = df64_qf128.pdf; sourceTree = "<group>"; };
		9ED86B2323704ABE00A0913A /* RobustEigenSymmetric3x3.pdf */ = {isa = PBXFileReference; lastKnownFileType = image.pdf; path = RobustEigenSymmetric3x3.pdf; sourceTree = "<group>"; };
		9EDAD5A82361ABDD007EF889 /* Tree.swift */ = {isa = PBXFileReference; lastKnownFileType = sourcecode.swift; path = Tree.swift; sourceTree = "<group>"; };
		9EE0BD6A236B2B78000A8AB3 /* Eigensolver.c */ = {isa = PBXFileReference; lastKnownFileType = sourcecode.c.c; path = Eigensolver.c; sourceTree = "<group>"; };
		9EE0BD6C236B2B8D000A8AB3 /* Eigensolver.h */ = {isa = PBXFileReference; lastKnownFileType = sourcecode.c.h; path = Eigensolver.h; sourceTree = "<group>"; };
		9EE3F922237C13A200E86D81 /* SharedBuffersMetalDevice.swift */ = {isa = PBXFileReference; lastKnownFileType = sourcecode.swift; path = SharedBuffersMetalDevice.swift; sourceTree = "<group>"; };
		9EE724FF22F84CCE000D0A2F /* UpdateCompositeBodies.swift */ = {isa = PBXFileReference; lastKnownFileType = sourcecode.swift; path = UpdateCompositeBodies.swift; sourceTree = "<group>"; };
		9EE7EB9E22DDDC6C00535997 /* TreePhysics_macOS.app */ = {isa = PBXFileReference; explicitFileType = wrapper.application; includeInIndex = 0; path = TreePhysics_macOS.app; sourceTree = BUILT_PRODUCTS_DIR; };
		9EE7EBA122DDDC6C00535997 /* AppDelegate.swift */ = {isa = PBXFileReference; lastKnownFileType = sourcecode.swift; path = AppDelegate.swift; sourceTree = "<group>"; };
		9EE7EBA322DDDC6C00535997 /* GameViewController.swift */ = {isa = PBXFileReference; lastKnownFileType = sourcecode.swift; path = GameViewController.swift; sourceTree = "<group>"; };
		9EE7EBA722DDDC6E00535997 /* Assets.xcassets */ = {isa = PBXFileReference; lastKnownFileType = folder.assetcatalog; path = Assets.xcassets; sourceTree = "<group>"; };
		9EE7EBAA22DDDC6E00535997 /* Base */ = {isa = PBXFileReference; lastKnownFileType = file.storyboard; name = Base; path = Base.lproj/Main.storyboard; sourceTree = "<group>"; };
		9EE7EBAC22DDDC6E00535997 /* Info.plist */ = {isa = PBXFileReference; lastKnownFileType = text.plist.xml; path = Info.plist; sourceTree = "<group>"; };
		9EE7EBB922DE1AD100535997 /* TreePhysicsTests.xctest */ = {isa = PBXFileReference; explicitFileType = wrapper.cfbundle; includeInIndex = 0; path = TreePhysicsTests.xctest; sourceTree = BUILT_PRODUCTS_DIR; };
		9EE7EBBB22DE1AD100535997 /* CPUSimulatorTests.swift */ = {isa = PBXFileReference; lastKnownFileType = sourcecode.swift; path = CPUSimulatorTests.swift; sourceTree = "<group>"; };
		9EE7EBBD22DE1AD100535997 /* Info.plist */ = {isa = PBXFileReference; lastKnownFileType = text.plist.xml; path = Info.plist; sourceTree = "<group>"; };
		9EE7EBC322E08E4000535997 /* Math.swift */ = {isa = PBXFileReference; lastKnownFileType = sourcecode.swift; path = Math.swift; sourceTree = "<group>"; };
		9EE7EBC922E0F27900535997 /* main.swift */ = {isa = PBXFileReference; lastKnownFileType = sourcecode.swift; path = main.swift; sourceTree = "<group>"; };
		9EE7EBCB22E1078200535997 /* NOTES */ = {isa = PBXFileReference; lastKnownFileType = text; path = NOTES; sourceTree = "<group>"; };
		9EE801A122FC44AC00198166 /* TestHelper.swift */ = {isa = PBXFileReference; lastKnownFileType = sourcecode.swift; path = TestHelper.swift; sourceTree = "<group>"; };
		9EE801A322FC450D00198166 /* UpdateJoints.swift */ = {isa = PBXFileReference; lastKnownFileType = sourcecode.swift; path = UpdateJoints.swift; sourceTree = "<group>"; };
		9EE801A522FC451E00198166 /* MetalKernalEncoder.swift */ = {isa = PBXFileReference; lastKnownFileType = sourcecode.swift; path = MetalKernalEncoder.swift; sourceTree = "<group>"; };
		9EE801A922FC468700198166 /* UpdateJoints.metal */ = {isa = PBXFileReference; lastKnownFileType = sourcecode.metal; path = UpdateJoints.metal; sourceTree = "<group>"; };
		9EE801AB22FC483B00198166 /* Math.metal */ = {isa = PBXFileReference; lastKnownFileType = sourcecode.metal; path = Math.metal; sourceTree = "<group>"; xcLanguageSpecificationIdentifier = xcode.lang.metal; };
		9EEC11DF22EA23000078BBFD /* MathTests.swift */ = {isa = PBXFileReference; lastKnownFileType = sourcecode.swift; path = MathTests.swift; sourceTree = "<group>"; };
		9EEC11E122EA50920078BBFD /* Diagonalization.swift */ = {isa = PBXFileReference; lastKnownFileType = sourcecode.swift; path = Diagonalization.swift; sourceTree = "<group>"; };
		9EF29FC52374391000AF72FC /* Half.h */ = {isa = PBXFileReference; fileEncoding = 4; lastKnownFileType = sourcecode.c.h; path = Half.h; sourceTree = "<group>"; };
		9EF29FC62374391000AF72FC /* Half.c */ = {isa = PBXFileReference; fileEncoding = 4; lastKnownFileType = sourcecode.c.c; path = Half.c; sourceTree = "<group>"; };
		9EF3361E233C1AEF005F0C29 /* ArticulatedRigidBody.swift */ = {isa = PBXFileReference; lastKnownFileType = sourcecode.swift; path = ArticulatedRigidBody.swift; sourceTree = "<group>"; };
		9EF46F1D2362432D00AEC82F /* Info.plist */ = {isa = PBXFileReference; fileEncoding = 4; lastKnownFileType = text.plist.xml; path = Info.plist; sourceTree = "<group>"; };
/* End PBXFileReference section */

/* Begin PBXFrameworksBuildPhase section */
		9E34C47D232911C6008C7353 /* Frameworks */ = {
			isa = PBXFrameworksBuildPhase;
			buildActionMask = 2147483647;
			files = (
			);
			runOnlyForDeploymentPostprocessing = 0;
		};
		9E656A05234F971C00818C32 /* Frameworks */ = {
			isa = PBXFrameworksBuildPhase;
			buildActionMask = 2147483647;
			files = (
			);
			runOnlyForDeploymentPostprocessing = 0;
		};
		9E9D4B8022F37244007DCF49 /* Frameworks */ = {
			isa = PBXFrameworksBuildPhase;
			buildActionMask = 2147483647;
			files = (
			);
			runOnlyForDeploymentPostprocessing = 0;
		};
		9EE7EB9B22DDDC6C00535997 /* Frameworks */ = {
			isa = PBXFrameworksBuildPhase;
			buildActionMask = 2147483647;
			files = (
			);
			runOnlyForDeploymentPostprocessing = 0;
		};
		9EE7EBB622DE1AD100535997 /* Frameworks */ = {
			isa = PBXFrameworksBuildPhase;
			buildActionMask = 2147483647;
			files = (
			);
			runOnlyForDeploymentPostprocessing = 0;
		};
/* End PBXFrameworksBuildPhase section */

/* Begin PBXGroup section */
		9E036B1D22E4F57900229235 /* L-Systems */ = {
			isa = PBXGroup;
			children = (
				9E036B1E22E4F58600229235 /* Turtle.swift */,
				9E461B3222E5E025008AB788 /* Pen.swift */,
				9E461B3422E7017F008AB788 /* CylinderPen.swift */,
				9E56C94A22E792820095C8AC /* RigidBodyPen.swift */,
				9E56C94C22E7929B0095C8AC /* SkinningPen.swift */,
				9E9C1E7F22E86B290030DB0E /* Rewriter.swift */,
			);
			path = "L-Systems";
			sourceTree = "<group>";
		};
		9E0674DC230ACFC90044C3C4 /* Kernels */ = {
			isa = PBXGroup;
			children = (
				9E0674E7230AD4590044C3C4 /* ApplyPhysicsFields.metal */,
				9E3351C222F8417000FDC3D6 /* UpdateCompositeBodies.metal */,
				9EE801A922FC468700198166 /* UpdateJoints.metal */,
				9E31BE9722FDAE4600AF908B /* UpdateRigidBodies.metal */,
				9EC8A1ED238C072700CA0F3B /* FreeBodies.metal */,
				9E35D262238D7A8900EBBAD0 /* UpdateFreeBodies.metal */,
				9E58CEEF23759D3A002FA7F1 /* Math.h */,
				9EE801AB22FC483B00198166 /* Math.metal */,
				9E8E27BE2307335300652DAC /* Print.metal */,
				9E62078322F8A7E6005E99C8 /* ShaderTypes.h */,
				9EA7010B231064F3009077A0 /* Debug.metal */,
				9E8BF75123685AB200797FD7 /* Diagonalize.metal */,
				9EF29FC62374391000AF72FC /* Half.c */,
				9EF29FC52374391000AF72FC /* Half.h */,
				9E58CF1323784B78002FA7F1 /* JacobianSweep.h */,
				9E4930392386A7BA00864046 /* PerlinNoise.h */,
				9E49303A2386A7C400864046 /* PerlinNoise.metal */,
			);
			path = Kernels;
			sourceTree = "<group>";
		};
		9E0674EB230AD8440044C3C4 /* Encoders */ = {
			isa = PBXGroup;
			children = (
				9EE801A522FC451E00198166 /* MetalKernalEncoder.swift */,
				9E0674E9230AD8290044C3C4 /* ApplyPhysicsFields.swift */,
				9EE724FF22F84CCE000D0A2F /* UpdateCompositeBodies.swift */,
				9E31BE9522FDABE800AF908B /* UpdateRigidBodies.swift */,
				9EE801A322FC450D00198166 /* UpdateJoints.swift */,
				9ED324F62361A6C9002D1DA2 /* MetalKernelDebugger.swift */,
				9E1223BF2364539200692A72 /* MemoryLayoutManager.swift */,
				9EE3F922237C13A200E86D81 /* SharedBuffersMetalDevice.swift */,
				9EC8A1F0238C577000CA0F3B /* FreeBodies.swift */,
				9E35D265238DB9B300EBBAD0 /* UpdateFreeBodies.swift */,
			);
			path = Encoders;
			sourceTree = "<group>";
		};
		9E1F427E23290694009E0E52 /* TreePhysics */ = {
			isa = PBXGroup;
			children = (
				9E1F427F23290694009E0E52 /* TreePhysics.h */,
				9E1F428023290694009E0E52 /* Info.plist */,
			);
			path = TreePhysics;
			sourceTree = "<group>";
		};
		9E34C47923291062008C7353 /* ProjectModule */ = {
			isa = PBXGroup;
			children = (
				9E34C47A2329107A008C7353 /* module.modulemap */,
			);
			path = ProjectModule;
			sourceTree = "<group>";
		};
		9E34C481232911C6008C7353 /* TreePhysics */ = {
			isa = PBXGroup;
			children = (
				9E34C482232911C6008C7353 /* TreePhysics.h */,
				9E34C483232911C6008C7353 /* Info.plist */,
			);
			path = TreePhysics;
			sourceTree = "<group>";
		};
		9E4946C52344A9B60036B7EC /* AutoTree */ = {
			isa = PBXGroup;
			children = (
				9E4946C62344AB080036B7EC /* AutoTree.swift */,
				9E4946C82344AB230036B7EC /* Node.swift */,
				9EAAAB64234B448B00157B45 /* GrowthSimulator.swift */,
				9EC6A4E7234C9B4900E43FE9 /* ShadowGrid.swift */,
				9EA52EC6234F573000463E51 /* Config.swift */,
			);
			path = AutoTree;
			sourceTree = "<group>";
		};
		9E4C09F8230ED45700F1DD6B /* References */ = {
			isa = PBXGroup;
			children = (
				9ED86B2323704ABE00A0913A /* RobustEigenSymmetric3x3.pdf */,
				9ED86B2123704AA300A0913A /* df64_qf128.pdf */,
				9EAE863F232BCBB10037EA92 /* tanabe94.pdf */,
				9E08F85F2316FEC700D48ADD /* sensors-11-08536.pdf */,
				9EA7010D23121808009077A0 /* MIT18_03SCF11_s13_2text.pdf */,
				9E8024B7230FEC1E0019B482 /* Metal-Shading-Language-Specification.pdf */,
				9E8024B4230FD2BE0019B482 /* colonization.egwnp2007.large.pdf */,
				9E8024B3230FD2BD0019B482 /* longay.th2014.pdf */,
				9EC6A4E6234C999100E43FE9 /* TreeSketch.SBM2012.pdf */,
				9E8024B6230FD2BF0019B482 /* selforg.sig2009.pdf */,
				9E8024B5230FD2BE0019B482 /* MIT16_07F09_Lec26.pdf */,
				9E4C09F9230ED46D00F1DD6B /* 606_delivering_optimized_metal_apps_and_games.pdf */,
				9E4C09FB230ED4B300F1DD6B /* stanford2017-01.pdf */,
				9E4C09FC230ED50E00F1DD6B /* hanan.dis1992.pdf */,
			);
			path = References;
			sourceTree = "<group>";
		};
		9E56C94322E78FA90095C8AC /* ArticulatedRigidBodies */ = {
			isa = PBXGroup;
			children = (
				9E56C94422E78FCF0095C8AC /* Joint.swift */,
				9E56C94822E78FFC0095C8AC /* CompositeBody.swift */,
				9EBEB1CB2327B3E60073E5D9 /* RigidBody.swift */,
				9EF3361E233C1AEF005F0C29 /* ArticulatedRigidBody.swift */,
				9EDAD5A82361ABDD007EF889 /* Tree.swift */,
			);
			path = ArticulatedRigidBodies;
			sourceTree = "<group>";
		};
		9E656A17234F972D00818C32 /* benchmark */ = {
			isa = PBXGroup;
			children = (
				9EF46F1D2362432D00AEC82F /* Info.plist */,
				9E656A18234F973C00818C32 /* main.swift */,
			);
			path = benchmark;
			sourceTree = "<group>";
		};
		9E9D4B6422F313BD007DCF49 /* Physics */ = {
			isa = PBXGroup;
			children = (
				9E56C94322E78FA90095C8AC /* ArticulatedRigidBodies */,
				9EAE8640233271690037EA92 /* Fields */,
				9E0674EB230AD8440044C3C4 /* Encoders */,
				9E0674DC230ACFC90044C3C4 /* Kernels */,
				9EB2159C22E1D1B000B1C6FC /* CPUSimulator.swift */,
				9E8F711E230D87C200583AAE /* MetalSimulator.swift */,
				9E39374A233B803100AE1897 /* PhysicsWorld.swift */,
			);
			path = Physics;
			sourceTree = "<group>";
		};
		9E9D4B6922F36FFC007DCF49 /* Application */ = {
			isa = PBXGroup;
			children = (
				9E656A17234F972D00818C32 /* benchmark */,
				9EE7EBC922E0F27900535997 /* main.swift */,
				9E9D4B6B22F37035007DCF49 /* iOS */,
				9E9D4B6A22F3702F007DCF49 /* macOS */,
				9E9D4B9322F438FA007DCF49 /* Scene.swift */,
			);
			path = Application;
			sourceTree = "<group>";
		};
		9E9D4B6A22F3702F007DCF49 /* macOS */ = {
			isa = PBXGroup;
			children = (
				9EE7EBAC22DDDC6E00535997 /* Info.plist */,
				9EE7EBA322DDDC6C00535997 /* GameViewController.swift */,
				9EE7EBA922DDDC6E00535997 /* Main.storyboard */,
			);
			path = macOS;
			sourceTree = "<group>";
		};
		9E9D4B6B22F37035007DCF49 /* iOS */ = {
			isa = PBXGroup;
			children = (
				9E9D4B8D22F372E4007DCF49 /* Main.storyboard */,
				9E9D4B8F22F373DA007DCF49 /* LaunchScreen.storyboard */,
				9E9D4B9522F43CAE007DCF49 /* GameViewController.swift */,
				9E9D4B9922F44123007DCF49 /* Info.plist */,
			);
			path = iOS;
			sourceTree = "<group>";
		};
		9EAE8640233271690037EA92 /* Fields */ = {
			isa = PBXGroup;
			children = (
				9E9D4B6522F313D0007DCF49 /* PhysicsField.swift */,
				9EAE86412332717C0037EA92 /* GravityField.swift */,
				9EAE8643233271910037EA92 /* AttractorField.swift */,
				9EAE8645233271BF0037EA92 /* WindField.swift */,
			);
			path = Fields;
			sourceTree = "<group>";
		};
		9EE7EB9522DDDC6C00535997 = {
			isa = PBXGroup;
			children = (
				9E4C09FE230F11D900F1DD6B /* TODO */,
				9EE7EBCB22E1078200535997 /* NOTES */,
				9E1C70F8230C6FB200DA9929 /* SCRATCH */,
				9EBEB1CF2329052A0073E5D9 /* Playground.playground */,
				9E4C09F8230ED45700F1DD6B /* References */,
				9EE7EBA022DDDC6C00535997 /* TreePhysics */,
				9EE7EBBA22DE1AD100535997 /* TreePhysicsTests */,
				9E1F427E23290694009E0E52 /* TreePhysics */,
				9E34C481232911C6008C7353 /* TreePhysics */,
				9EE7EB9F22DDDC6C00535997 /* Products */,
			);
			sourceTree = "<group>";
		};
		9EE7EB9F22DDDC6C00535997 /* Products */ = {
			isa = PBXGroup;
			children = (
				9EE7EB9E22DDDC6C00535997 /* TreePhysics_macOS.app */,
				9EE7EBB922DE1AD100535997 /* TreePhysicsTests.xctest */,
				9E9D4B8922F37244007DCF49 /* TreePhysics_iOS.app */,
				9E34C480232911C6008C7353 /* TreePhysics.framework */,
				9E656A15234F971C00818C32 /* TreePhysics-benchmark.app */,
			);
			name = Products;
			sourceTree = "<group>";
		};
		9EE7EBA022DDDC6C00535997 /* TreePhysics */ = {
			isa = PBXGroup;
			children = (
				9E34C47923291062008C7353 /* ProjectModule */,
				9E9D4B6922F36FFC007DCF49 /* Application */,
				9E9D4B6422F313BD007DCF49 /* Physics */,
				9EEC11E322F0E3D20078BBFD /* Util */,
				9E036B1D22E4F57900229235 /* L-Systems */,
				9E4946C52344A9B60036B7EC /* AutoTree */,
				9EE7EBA122DDDC6C00535997 /* AppDelegate.swift */,
				9EE7EBA722DDDC6E00535997 /* Assets.xcassets */,
			);
			path = TreePhysics;
			sourceTree = "<group>";
		};
		9EE7EBBA22DE1AD100535997 /* TreePhysicsTests */ = {
			isa = PBXGroup;
			children = (
				9EE7EBBD22DE1AD100535997 /* Info.plist */,
				9EE7EBBB22DE1AD100535997 /* CPUSimulatorTests.swift */,
				9E036B1B22E4F4A700229235 /* TurtleTests.swift */,
				9E461B3622E704BD008AB788 /* CylinderTest.swift */,
				9E56C94122E76C340095C8AC /* SkinnerTest.swift */,
				9E9C1E8122E86BC10030DB0E /* RewriterTests.swift */,
				9EEC11DF22EA23000078BBFD /* MathTests.swift */,
				9E3351C022F83DDF00FDC3D6 /* MetalTests.swift */,
				9E27B86022FA39920030664E /* RigidBodyTests.swift */,
				9E8F711C230D86C000583AAE /* SimulatorComparisonTests.swift */,
				9EC88E24231989930049737D /* ModelTests.swift */,
				9EE801A122FC44AC00198166 /* TestHelper.swift */,
				9E4946C32344A10E0036B7EC /* LocalitySensitiveHashTests.swift */,
				9E4946CA2344B7240036B7EC /* AutoTreeTests.swift */,
			);
			path = TreePhysicsTests;
			sourceTree = "<group>";
		};
		9EEC11E322F0E3D20078BBFD /* Util */ = {
			isa = PBXGroup;
			children = (
				9EEC11E122EA50920078BBFD /* Diagonalization.swift */,
				9EE7EBC322E08E4000535997 /* Math.swift */,
				9E6372A122FEC7AA001D4466 /* MetalProxy.swift */,
				9EA619CB230AE78400BE2213 /* PrettyPrint.swift */,
				9E57566823184C9C0036F68B /* Visualization.swift */,
				9E1490CA2334E49500FED681 /* Noise.swift */,
				9E4946C123449FDE0036B7EC /* LocalitySensitiveHash.swift */,
				9E8107E423478DEF003B144D /* MDLMesh+Vertices.swift */,
				9EA52EC4234F4A4200463E51 /* Check.swift */,
				9EE0BD6A236B2B78000A8AB3 /* Eigensolver.c */,
				9EE0BD6C236B2B8D000A8AB3 /* Eigensolver.h */,
			);
			path = Util;
			sourceTree = "<group>";
		};
/* End PBXGroup section */

/* Begin PBXHeadersBuildPhase section */
		9E34C47B232911C6008C7353 /* Headers */ = {
			isa = PBXHeadersBuildPhase;
			buildActionMask = 2147483647;
			files = (
				9E34C484232911C6008C7353 /* TreePhysics.h in Headers */,
				9EF29FC72374391000AF72FC /* Half.h in Headers */,
			);
			runOnlyForDeploymentPostprocessing = 0;
		};
/* End PBXHeadersBuildPhase section */

/* Begin PBXNativeTarget section */
		9E34C47F232911C6008C7353 /* TreePhysics */ = {
			isa = PBXNativeTarget;
			buildConfigurationList = 9E34C485232911C6008C7353 /* Build configuration list for PBXNativeTarget "TreePhysics" */;
			buildPhases = (
				9E34C47B232911C6008C7353 /* Headers */,
				9E34C47C232911C6008C7353 /* Sources */,
				9E34C47D232911C6008C7353 /* Frameworks */,
				9E34C47E232911C6008C7353 /* Resources */,
			);
			buildRules = (
			);
			dependencies = (
			);
			name = TreePhysics;
			productName = TreePhysics;
			productReference = 9E34C480232911C6008C7353 /* TreePhysics.framework */;
			productType = "com.apple.product-type.framework";
		};
		9E6569F5234F971C00818C32 /* TreePhysics-benchmark */ = {
			isa = PBXNativeTarget;
			buildConfigurationList = 9E656A12234F971C00818C32 /* Build configuration list for PBXNativeTarget "TreePhysics-benchmark" */;
			buildPhases = (
				9E6569F8234F971C00818C32 /* Sources */,
				9E656A05234F971C00818C32 /* Frameworks */,
				9E656A06234F971C00818C32 /* Resources */,
			);
			buildRules = (
			);
			dependencies = (
			);
			name = "TreePhysics-benchmark";
			productName = TreePhysics;
			productReference = 9E656A15234F971C00818C32 /* TreePhysics-benchmark.app */;
			productType = "com.apple.product-type.application";
		};
		9E9D4B6C22F37244007DCF49 /* TreePhysics-iOS */ = {
			isa = PBXNativeTarget;
			buildConfigurationList = 9E9D4B8622F37244007DCF49 /* Build configuration list for PBXNativeTarget "TreePhysics-iOS" */;
			buildPhases = (
				9E9D4B6D22F37244007DCF49 /* Sources */,
				9E9D4B8022F37244007DCF49 /* Frameworks */,
				9E9D4B8122F37244007DCF49 /* Resources */,
			);
			buildRules = (
			);
			dependencies = (
				9E40A0D6236250A700C8D39C /* PBXTargetDependency */,
			);
			name = "TreePhysics-iOS";
			productName = TreePhysics;
			productReference = 9E9D4B8922F37244007DCF49 /* TreePhysics_iOS.app */;
			productType = "com.apple.product-type.application";
		};
		9EE7EB9D22DDDC6C00535997 /* TreePhysics-macOS */ = {
			isa = PBXNativeTarget;
			buildConfigurationList = 9EE7EBB022DDDC6E00535997 /* Build configuration list for PBXNativeTarget "TreePhysics-macOS" */;
			buildPhases = (
				9EE7EB9A22DDDC6C00535997 /* Sources */,
				9EE7EB9B22DDDC6C00535997 /* Frameworks */,
				9EE7EB9C22DDDC6C00535997 /* Resources */,
			);
			buildRules = (
			);
			dependencies = (
				9E7687F6232922EE003C5A9C /* PBXTargetDependency */,
			);
			name = "TreePhysics-macOS";
			productName = TreePhysics;
			productReference = 9EE7EB9E22DDDC6C00535997 /* TreePhysics_macOS.app */;
			productType = "com.apple.product-type.application";
		};
		9EE7EBB822DE1AD100535997 /* TreePhysicsTests */ = {
			isa = PBXNativeTarget;
			buildConfigurationList = 9EE7EBC022DE1AD100535997 /* Build configuration list for PBXNativeTarget "TreePhysicsTests" */;
			buildPhases = (
				9EE7EBB522DE1AD100535997 /* Sources */,
				9EE7EBB622DE1AD100535997 /* Frameworks */,
				9EE7EBB722DE1AD100535997 /* Resources */,
			);
			buildRules = (
			);
			dependencies = (
				9EC1DE87233A5630003D7B7B /* PBXTargetDependency */,
				9EBA38DD2362453C007D33EA /* PBXTargetDependency */,
			);
			name = TreePhysicsTests;
			productName = TreePhysicsTests;
			productReference = 9EE7EBB922DE1AD100535997 /* TreePhysicsTests.xctest */;
			productType = "com.apple.product-type.bundle.unit-test";
		};
/* End PBXNativeTarget section */

/* Begin PBXProject section */
		9EE7EB9622DDDC6C00535997 /* Project object */ = {
			isa = PBXProject;
			attributes = {
				LastSwiftUpdateCheck = 1020;
				LastUpgradeCheck = 1110;
				ORGANIZATIONNAME = "Nick Kallen";
				TargetAttributes = {
					9E34C47F232911C6008C7353 = {
						CreatedOnToolsVersion = 10.3;
						LastSwiftMigration = 1120;
					};
					9EE7EB9D22DDDC6C00535997 = {
						CreatedOnToolsVersion = 10.2.1;
					};
					9EE7EBB822DE1AD100535997 = {
						CreatedOnToolsVersion = 10.2.1;
						TestTargetID = 9EE7EB9D22DDDC6C00535997;
					};
				};
			};
			buildConfigurationList = 9EE7EB9922DDDC6C00535997 /* Build configuration list for PBXProject "TreePhysics" */;
			compatibilityVersion = "Xcode 9.3";
			developmentRegion = en;
			hasScannedForEncodings = 0;
			knownRegions = (
				en,
				Base,
			);
			mainGroup = 9EE7EB9522DDDC6C00535997;
			productRefGroup = 9EE7EB9F22DDDC6C00535997 /* Products */;
			projectDirPath = "";
			projectRoot = "";
			targets = (
				9EE7EB9D22DDDC6C00535997 /* TreePhysics-macOS */,
				9E9D4B6C22F37244007DCF49 /* TreePhysics-iOS */,
				9EE7EBB822DE1AD100535997 /* TreePhysicsTests */,
				9E34C47F232911C6008C7353 /* TreePhysics */,
				9E6569F5234F971C00818C32 /* TreePhysics-benchmark */,
			);
		};
/* End PBXProject section */

/* Begin PBXResourcesBuildPhase section */
		9E34C47E232911C6008C7353 /* Resources */ = {
			isa = PBXResourcesBuildPhase;
			buildActionMask = 2147483647;
			files = (
			);
			runOnlyForDeploymentPostprocessing = 0;
		};
		9E656A06234F971C00818C32 /* Resources */ = {
			isa = PBXResourcesBuildPhase;
			buildActionMask = 2147483647;
			files = (
				9E40A0D72362515000C8D39C /* Main.storyboard in Resources */,
			);
			runOnlyForDeploymentPostprocessing = 0;
		};
		9E9D4B8122F37244007DCF49 /* Resources */ = {
			isa = PBXResourcesBuildPhase;
			buildActionMask = 2147483647;
			files = (
				9E9D4B9122F37789007DCF49 /* Main.storyboard in Resources */,
				9E9D4B9222F3778B007DCF49 /* LaunchScreen.storyboard in Resources */,
				9E9D4B8322F37244007DCF49 /* Assets.xcassets in Resources */,
				9E9D4B8422F37244007DCF49 /* NOTES in Resources */,
			);
			runOnlyForDeploymentPostprocessing = 0;
		};
		9EE7EB9C22DDDC6C00535997 /* Resources */ = {
			isa = PBXResourcesBuildPhase;
			buildActionMask = 2147483647;
			files = (
				9ED86B2423704ABE00A0913A /* RobustEigenSymmetric3x3.pdf in Resources */,
				9EE7EBAB22DDDC6E00535997 /* Main.storyboard in Resources */,
				9EE7EBA822DDDC6E00535997 /* Assets.xcassets in Resources */,
				9E9D4B9A22F44123007DCF49 /* Info.plist in Resources */,
				9ED86B2223704AA300A0913A /* df64_qf128.pdf in Resources */,
			);
			runOnlyForDeploymentPostprocessing = 0;
		};
		9EE7EBB722DE1AD100535997 /* Resources */ = {
			isa = PBXResourcesBuildPhase;
			buildActionMask = 2147483647;
			files = (
			);
			runOnlyForDeploymentPostprocessing = 0;
		};
/* End PBXResourcesBuildPhase section */

/* Begin PBXSourcesBuildPhase section */
		9E34C47C232911C6008C7353 /* Sources */ = {
			isa = PBXSourcesBuildPhase;
			buildActionMask = 2147483647;
			files = (
				9EAE86422332717C0037EA92 /* GravityField.swift in Sources */,
				9EE0BD6B236B2B78000A8AB3 /* Eigensolver.c in Sources */,
				9E34C48E23291252008C7353 /* Joint.swift in Sources */,
				9E1223C02364539200692A72 /* MemoryLayoutManager.swift in Sources */,
				9EAA8C0C232923FD002E9260 /* MetalKernalEncoder.swift in Sources */,
				9E34C4932329127C008C7353 /* Diagonalization.swift in Sources */,
				9EAA8C132329242C002E9260 /* CPUSimulator.swift in Sources */,
				9EAA8C0A232923D2002E9260 /* ApplyPhysicsFields.swift in Sources */,
				9EAE8644233271910037EA92 /* AttractorField.swift in Sources */,
				9EDAD5A92361ABDD007EF889 /* Tree.swift in Sources */,
				9E34C48A23291207008C7353 /* CylinderPen.swift in Sources */,
				9EC6A4E8234C9B4900E43FE9 /* ShadowGrid.swift in Sources */,
				9EE3F923237C13A200E86D81 /* SharedBuffersMetalDevice.swift in Sources */,
				9EA52EC5234F4A4200463E51 /* Check.swift in Sources */,
				9EAE862E232A671E0037EA92 /* UpdateCompositeBodies.metal in Sources */,
				9EAE862F232A67210037EA92 /* UpdateJoints.metal in Sources */,
				9EAE8646233271BF0037EA92 /* WindField.swift in Sources */,
				9E34C49223291277008C7353 /* Math.swift in Sources */,
				9E35D263238D7A8900EBBAD0 /* UpdateFreeBodies.metal in Sources */,
				9E34C4912329125B008C7353 /* RigidBody.swift in Sources */,
				9EAA8C0E23292408002E9260 /* UpdateCompositeBodies.swift in Sources */,
				9E34C48B2329120B008C7353 /* RigidBodyPen.swift in Sources */,
				9EAE862D232A671B0037EA92 /* ApplyPhysicsFields.metal in Sources */,
				9EAE8633232A67330037EA92 /* Debug.metal in Sources */,
				9EF3361F233C1AEF005F0C29 /* ArticulatedRigidBody.swift in Sources */,
				9EAAAB65234B448B00157B45 /* GrowthSimulator.swift in Sources */,
				9E35D266238DB9B300EBBAD0 /* UpdateFreeBodies.swift in Sources */,
				9EC8A1EE238C072700CA0F3B /* FreeBodies.metal in Sources */,
				9E34C48C2329120F008C7353 /* SkinningPen.swift in Sources */,
				9E34C48D23291213008C7353 /* Rewriter.swift in Sources */,
				9EAA8C0F2329240C002E9260 /* UpdateRigidBodies.swift in Sources */,
				9EAA8C162329243A002E9260 /* MetalProxy.swift in Sources */,
				9EAE8630232A67240037EA92 /* UpdateRigidBodies.metal in Sources */,
				9EA52EC7234F573000463E51 /* Config.swift in Sources */,
				9EAA8C1523292434002E9260 /* MetalSimulator.swift in Sources */,
				9E1490CB2334E49500FED681 /* Noise.swift in Sources */,
				9EAA8C1823292444002E9260 /* Visualization.swift in Sources */,
				9E34C49023291257008C7353 /* CompositeBody.swift in Sources */,
				9EAE8631232A67270037EA92 /* Math.metal in Sources */,
				9EAE8632232A672A0037EA92 /* Print.metal in Sources */,
				9E4946C92344AB230036B7EC /* Node.swift in Sources */,
				9E8BF75223685AB200797FD7 /* Diagonalize.metal in Sources */,
				9E34C48823291201008C7353 /* Turtle.swift in Sources */,
				9E4946C72344AB080036B7EC /* AutoTree.swift in Sources */,
				9E4946C223449FDE0036B7EC /* LocalitySensitiveHash.swift in Sources */,
				9E34C48923291204008C7353 /* Pen.swift in Sources */,
				9E49303B2386A7C400864046 /* PerlinNoise.metal in Sources */,
				9E39374B233B803100AE1897 /* PhysicsWorld.swift in Sources */,
				9EAA8C1423292430002E9260 /* PhysicsField.swift in Sources */,
				9EAA8C1023292411002E9260 /* UpdateJoints.swift in Sources */,
				9EC8A1F1238C577000CA0F3B /* FreeBodies.swift in Sources */,
				9ED324F72361A6C9002D1DA2 /* MetalKernelDebugger.swift in Sources */,
				9EF29FC82374391000AF72FC /* Half.c in Sources */,
				9EAA8C1723292440002E9260 /* PrettyPrint.swift in Sources */,
				9E8107E523478DEF003B144D /* MDLMesh+Vertices.swift in Sources */,
			);
			runOnlyForDeploymentPostprocessing = 0;
		};
		9E6569F8234F971C00818C32 /* Sources */ = {
			isa = PBXSourcesBuildPhase;
			buildActionMask = 2147483647;
			files = (
				9E84AFC023855D81008919A8 /* WindField.swift in Sources */,
				9E1168A1237C334F00922AAA /* SharedBuffersMetalDevice.swift in Sources */,
				9EF29FC92374391000AF72FC /* Half.c in Sources */,
				9EF46F232362439A00AEC82F /* UpdateCompositeBodies.metal in Sources */,
				9E8255E223842EED00FBB49F /* ApplyPhysicsFields.swift in Sources */,
				9E1D92B92382DBEF0012CC81 /* CylinderPen.swift in Sources */,
				9EF46F27236243A600AEC82F /* Print.metal in Sources */,
				9EAA0D36237C972C00FC9B81 /* Visualization.swift in Sources */,
				9EF46F13236241B400AEC82F /* MetalKernalEncoder.swift in Sources */,
				9EF46F0F2362418D00AEC82F /* RigidBodyPen.swift in Sources */,
				9EF46F15236241EC00AEC82F /* Joint.swift in Sources */,
				9E40A0D82362515700C8D39C /* GameViewController.swift in Sources */,
				9E4C7239237EF1AC00645574 /* MetalKernelDebugger.swift in Sources */,
				9E8255E3238462E500FBB49F /* GravityField.swift in Sources */,
				9EE0BD6D236B2C23000A8AB3 /* Eigensolver.c in Sources */,
				9E075112237B005000A8107B /* UpdateRigidBodies.swift in Sources */,
				9EF46F25236243A000AEC82F /* UpdateRigidBodies.metal in Sources */,
				9EC8A1F2238C5B4500CA0F3B /* FreeBodies.swift in Sources */,
				9E49303C2386A91900864046 /* PerlinNoise.metal in Sources */,
				9E40A0DA2362519100C8D39C /* AppDelegate.swift in Sources */,
				9EF46F192362422E00AEC82F /* CompositeBody.swift in Sources */,
				9EAA0D35237C931600FC9B81 /* MetalSimulator.swift in Sources */,
				9EF46F182362420E00AEC82F /* Pen.swift in Sources */,
				9EF46F112362419C00AEC82F /* Turtle.swift in Sources */,
				9EF46F1A2362424900AEC82F /* PhysicsWorld.swift in Sources */,
				9EE4DF98237ECFA90030F4FD /* CPUSimulator.swift in Sources */,
				9EF46F242362439D00AEC82F /* UpdateJoints.metal in Sources */,
				9EAA0D37237D64BD00FC9B81 /* Check.swift in Sources */,
				9EF46F102362419400AEC82F /* Rewriter.swift in Sources */,
				9E1223C1236453BC00692A72 /* MemoryLayoutManager.swift in Sources */,
				9E40A0D92362517900C8D39C /* main.swift in Sources */,
				9EF46F0E2362418600AEC82F /* ArticulatedRigidBody.swift in Sources */,
				9EC8A1EF238C08D400CA0F3B /* FreeBodies.metal in Sources */,
				9E84AFC123855DED008919A8 /* Noise.swift in Sources */,
				9EF46F17236241FD00AEC82F /* Tree.swift in Sources */,
				9EF46F12236241A500AEC82F /* UpdateCompositeBodies.swift in Sources */,
				9EF46F26236243A300AEC82F /* Math.metal in Sources */,
				9EF46F1B2362425600AEC82F /* PhysicsField.swift in Sources */,
				9E1D92BA2382DBFC0012CC81 /* SkinningPen.swift in Sources */,
				9EF46F222362439700AEC82F /* ApplyPhysicsFields.metal in Sources */,
				9E8BF7502368511D00797FD7 /* UpdateJoints.swift in Sources */,
				9EF46F28236243AF00AEC82F /* Debug.metal in Sources */,
				9EF46F1C2362426300AEC82F /* Diagonalization.swift in Sources */,
				9EF46F14236241E600AEC82F /* RigidBody.swift in Sources */,
				9E35D267238DBC0800EBBAD0 /* UpdateFreeBodies.swift in Sources */,
				9E1168A2237C335A00922AAA /* MetalProxy.swift in Sources */,
				9E35D264238D7DD200EBBAD0 /* UpdateFreeBodies.metal in Sources */,
				9EF46F16236241F300AEC82F /* Math.swift in Sources */,
			);
			runOnlyForDeploymentPostprocessing = 0;
		};
		9E9D4B6D22F37244007DCF49 /* Sources */ = {
			isa = PBXSourcesBuildPhase;
			buildActionMask = 2147483647;
			files = (
				9E0674E2230AD2450044C3C4 /* UpdateJoints.metal in Sources */,
				9E0674E1230AD2420044C3C4 /* UpdateCompositeBodies.metal in Sources */,
				9E9D4B7022F37244007DCF49 /* main.swift in Sources */,
				9E9D4B9822F43D98007DCF49 /* Scene.swift in Sources */,
				9E80B3E6231FF74F00A700CF /* Visualization.swift in Sources */,
				9E1C70FA230C802700DA9929 /* ApplyPhysicsFields.metal in Sources */,
				9E9D4B7522F37244007DCF49 /* CPUSimulator.swift in Sources */,
				9E9D4B9722F43D43007DCF49 /* GameViewController.swift in Sources */,
				9E0674E5230AD24E0044C3C4 /* Print.metal in Sources */,
				9E9D4B7822F37244007DCF49 /* AppDelegate.swift in Sources */,
				9E0674E4230AD24C0044C3C4 /* UpdateRigidBodies.metal in Sources */,
				9E0674E3230AD2490044C3C4 /* Math.metal in Sources */,
			);
			runOnlyForDeploymentPostprocessing = 0;
		};
		9EE7EB9A22DDDC6C00535997 /* Sources */ = {
			isa = PBXSourcesBuildPhase;
			buildActionMask = 2147483647;
			files = (
				9EAA8C19232925E3002E9260 /* Scene.swift in Sources */,
				9EAE8637232A67AD0037EA92 /* UpdateCompositeBodies.metal in Sources */,
				9EAE8639232A67FA0037EA92 /* UpdateRigidBodies.metal in Sources */,
				9EAE8636232A67AA0037EA92 /* ApplyPhysicsFields.metal in Sources */,
				9EE7EBCA22E0F27900535997 /* main.swift in Sources */,
				9EAE8638232A67F70037EA92 /* UpdateJoints.metal in Sources */,
				9EAE863C232A68040037EA92 /* Debug.metal in Sources */,
				9EE7EBA422DDDC6C00535997 /* GameViewController.swift in Sources */,
				9EE7EBA222DDDC6C00535997 /* AppDelegate.swift in Sources */,
				9EAE863A232A67FE0037EA92 /* Math.metal in Sources */,
				9EAE863B232A68010037EA92 /* Print.metal in Sources */,
			);
			runOnlyForDeploymentPostprocessing = 0;
		};
		9EE7EBB522DE1AD100535997 /* Sources */ = {
			isa = PBXSourcesBuildPhase;
			buildActionMask = 2147483647;
			files = (
				9E3351C122F83DDF00FDC3D6 /* MetalTests.swift in Sources */,
				9E8F711D230D86C000583AAE /* SimulatorComparisonTests.swift in Sources */,
				9E4946C42344A10E0036B7EC /* LocalitySensitiveHashTests.swift in Sources */,
				9EE7EBBC22DE1AD100535997 /* CPUSimulatorTests.swift in Sources */,
				9E4946CB2344B7240036B7EC /* AutoTreeTests.swift in Sources */,
				9E036B1C22E4F4A700229235 /* TurtleTests.swift in Sources */,
				9E56C94222E76C340095C8AC /* SkinnerTest.swift in Sources */,
				9EEC11E022EA23000078BBFD /* MathTests.swift in Sources */,
				9E461B3722E704BD008AB788 /* CylinderTest.swift in Sources */,
				9EE801A222FC44AC00198166 /* TestHelper.swift in Sources */,
				9EC88E25231989930049737D /* ModelTests.swift in Sources */,
				9E9C1E8222E86BC10030DB0E /* RewriterTests.swift in Sources */,
				9E27B86122FA39920030664E /* RigidBodyTests.swift in Sources */,
			);
			runOnlyForDeploymentPostprocessing = 0;
		};
/* End PBXSourcesBuildPhase section */

/* Begin PBXTargetDependency section */
		9E40A0D6236250A700C8D39C /* PBXTargetDependency */ = {
			isa = PBXTargetDependency;
			target = 9E34C47F232911C6008C7353 /* TreePhysics */;
			targetProxy = 9E40A0D5236250A700C8D39C /* PBXContainerItemProxy */;
		};
		9E7687F6232922EE003C5A9C /* PBXTargetDependency */ = {
			isa = PBXTargetDependency;
			target = 9E34C47F232911C6008C7353 /* TreePhysics */;
			targetProxy = 9E7687F5232922EE003C5A9C /* PBXContainerItemProxy */;
		};
		9EBA38DD2362453C007D33EA /* PBXTargetDependency */ = {
			isa = PBXTargetDependency;
			target = 9EE7EB9D22DDDC6C00535997 /* TreePhysics-macOS */;
			targetProxy = 9EBA38DC2362453C007D33EA /* PBXContainerItemProxy */;
		};
		9EC1DE87233A5630003D7B7B /* PBXTargetDependency */ = {
			isa = PBXTargetDependency;
			target = 9E34C47F232911C6008C7353 /* TreePhysics */;
			targetProxy = 9EC1DE86233A5630003D7B7B /* PBXContainerItemProxy */;
		};
/* End PBXTargetDependency section */

/* Begin PBXVariantGroup section */
		9EE7EBA922DDDC6E00535997 /* Main.storyboard */ = {
			isa = PBXVariantGroup;
			children = (
				9EE7EBAA22DDDC6E00535997 /* Base */,
			);
			name = Main.storyboard;
			sourceTree = "<group>";
		};
/* End PBXVariantGroup section */

/* Begin XCBuildConfiguration section */
		9E34C486232911C6008C7353 /* Debug */ = {
			isa = XCBuildConfiguration;
			buildSettings = {
				CLANG_ENABLE_MODULES = YES;
				CODE_SIGN_IDENTITY = "";
				CODE_SIGN_STYLE = Automatic;
				COMBINE_HIDPI_IMAGES = YES;
				CURRENT_PROJECT_VERSION = 1;
				DEFINES_MODULE = YES;
				DEVELOPMENT_TEAM = G3GUW83N5R;
				DYLIB_COMPATIBILITY_VERSION = 1;
				DYLIB_CURRENT_VERSION = 1;
				DYLIB_INSTALL_NAME_BASE = "@rpath";
				FRAMEWORK_VERSION = A;
				INFOPLIST_FILE = TreePhysics/Info.plist;
				INSTALL_PATH = "$(LOCAL_LIBRARY_DIR)/Frameworks";
				LD_RUNPATH_SEARCH_PATHS = (
					"$(inherited)",
					"@executable_path/../Frameworks",
					"@loader_path/Frameworks",
				);
				MACOSX_DEPLOYMENT_TARGET = 10.15;
				PRODUCT_BUNDLE_IDENTIFIER = com.nk.TreePhysics;
				PRODUCT_NAME = "$(TARGET_NAME:c99extidentifier)";
				SKIP_INSTALL = YES;
				SWIFT_INCLUDE_PATHS = "$(SRCROOT)/TreePhysics/ProjectModule";
				SWIFT_OBJC_BRIDGING_HEADER = "";
				SWIFT_VERSION = 5.0;
				VERSIONING_SYSTEM = "apple-generic";
				VERSION_INFO_PREFIX = "";
			};
			name = Debug;
		};
		9E34C487232911C6008C7353 /* Release */ = {
			isa = XCBuildConfiguration;
			buildSettings = {
				CLANG_ENABLE_MODULES = YES;
				CODE_SIGN_IDENTITY = "";
				CODE_SIGN_STYLE = Automatic;
				COMBINE_HIDPI_IMAGES = YES;
				CURRENT_PROJECT_VERSION = 1;
				DEFINES_MODULE = YES;
				DEVELOPMENT_TEAM = G3GUW83N5R;
				DYLIB_COMPATIBILITY_VERSION = 1;
				DYLIB_CURRENT_VERSION = 1;
				DYLIB_INSTALL_NAME_BASE = "@rpath";
				FRAMEWORK_VERSION = A;
				INFOPLIST_FILE = TreePhysics/Info.plist;
				INSTALL_PATH = "$(LOCAL_LIBRARY_DIR)/Frameworks";
				LD_RUNPATH_SEARCH_PATHS = (
					"$(inherited)",
					"@executable_path/../Frameworks",
					"@loader_path/Frameworks",
				);
				MACOSX_DEPLOYMENT_TARGET = 10.15;
				PRODUCT_BUNDLE_IDENTIFIER = com.nk.TreePhysics;
				PRODUCT_NAME = "$(TARGET_NAME:c99extidentifier)";
				SKIP_INSTALL = YES;
				SWIFT_INCLUDE_PATHS = "$(SRCROOT)/TreePhysics/ProjectModule";
				SWIFT_OBJC_BRIDGING_HEADER = "";
				SWIFT_VERSION = 5.0;
				VERSIONING_SYSTEM = "apple-generic";
				VERSION_INFO_PREFIX = "";
			};
			name = Release;
		};
		9E656A13234F971C00818C32 /* Debug */ = {
			isa = XCBuildConfiguration;
			buildSettings = {
				ASSETCATALOG_COMPILER_APPICON_NAME = AppIcon;
				CODE_SIGN_ENTITLEMENTS = "";
				CODE_SIGN_IDENTITY = "Apple Development";
				CODE_SIGN_STYLE = Automatic;
				COMBINE_HIDPI_IMAGES = YES;
				DEVELOPMENT_TEAM = G3GUW83N5R;
				INFOPLIST_FILE = "$(SRCROOT)/TreePhysics/Application/benchmark/Info.plist";
				IPHONEOS_DEPLOYMENT_TARGET = 13.1;
				LD_RUNPATH_SEARCH_PATHS = (
					"$(inherited)",
					"@executable_path/../Frameworks",
				);
				MTL_FAST_MATH = YES;
				PRODUCT_BUNDLE_IDENTIFIER = com.nk.TreePhysics;
				PRODUCT_NAME = "$(TARGET_NAME)";
				SDKROOT = iphoneos;
				SWIFT_OBJC_BRIDGING_HEADER = "";
				SWIFT_VERSION = 5.0;
			};
			name = Debug;
		};
		9E656A14234F971C00818C32 /* Release */ = {
			isa = XCBuildConfiguration;
			buildSettings = {
				ASSETCATALOG_COMPILER_APPICON_NAME = AppIcon;
				CODE_SIGN_ENTITLEMENTS = "";
				CODE_SIGN_IDENTITY = "Apple Development";
				CODE_SIGN_STYLE = Automatic;
				COMBINE_HIDPI_IMAGES = YES;
				DEVELOPMENT_TEAM = G3GUW83N5R;
				INFOPLIST_FILE = "$(SRCROOT)/TreePhysics/Application/benchmark/Info.plist";
				IPHONEOS_DEPLOYMENT_TARGET = 13.1;
				LD_RUNPATH_SEARCH_PATHS = (
					"$(inherited)",
					"@executable_path/../Frameworks",
				);
				MTL_ENABLE_DEBUG_INFO = INCLUDE_SOURCE;
				MTL_FAST_MATH = YES;
				PRODUCT_BUNDLE_IDENTIFIER = com.nk.TreePhysics;
				PRODUCT_NAME = "$(TARGET_NAME)";
				SDKROOT = iphoneos;
				SWIFT_OBJC_BRIDGING_HEADER = "";
				SWIFT_VERSION = 5.0;
			};
			name = Release;
		};
		9E9D4B8722F37244007DCF49 /* Debug */ = {
			isa = XCBuildConfiguration;
			buildSettings = {
				ASSETCATALOG_COMPILER_APPICON_NAME = AppIcon;
				ASSETCATALOG_COMPILER_LAUNCHIMAGE_NAME = LaunchImage;
				CODE_SIGN_ENTITLEMENTS = "";
				CODE_SIGN_IDENTITY = "iPhone Developer";
				CODE_SIGN_STYLE = Automatic;
				COMBINE_HIDPI_IMAGES = YES;
				DEVELOPMENT_TEAM = G3GUW83N5R;
				INFOPLIST_FILE = "$(SRCROOT)/TreePhysics/Application/iOS/Info.plist";
				IPHONEOS_DEPLOYMENT_TARGET = 13.0;
				LD_RUNPATH_SEARCH_PATHS = (
					"$(inherited)",
					"@executable_path/../Frameworks",
				);
				PRODUCT_BUNDLE_IDENTIFIER = com.nk.TreePhysics;
				PRODUCT_NAME = "$(TARGET_NAME:c99extidentifier)";
				PROVISIONING_PROFILE_SPECIFIER = "";
				SDKROOT = iphoneos;
				SUPPORTED_PLATFORMS = "iphonesimulator iphoneos";
				SWIFT_OBJC_BRIDGING_HEADER = "";
				SWIFT_VERSION = 5.0;
				TARGETED_DEVICE_FAMILY = 1;
			};
			name = Debug;
		};
		9E9D4B8822F37244007DCF49 /* Release */ = {
			isa = XCBuildConfiguration;
			buildSettings = {
				ASSETCATALOG_COMPILER_APPICON_NAME = AppIcon;
				ASSETCATALOG_COMPILER_LAUNCHIMAGE_NAME = LaunchImage;
				CODE_SIGN_ENTITLEMENTS = "";
				CODE_SIGN_IDENTITY = "iPhone Developer";
				CODE_SIGN_STYLE = Automatic;
				COMBINE_HIDPI_IMAGES = YES;
				DEVELOPMENT_TEAM = G3GUW83N5R;
				INFOPLIST_FILE = "$(SRCROOT)/TreePhysics/Application/iOS/Info.plist";
				IPHONEOS_DEPLOYMENT_TARGET = 13.0;
				LD_RUNPATH_SEARCH_PATHS = (
					"$(inherited)",
					"@executable_path/../Frameworks",
				);
				PRODUCT_BUNDLE_IDENTIFIER = com.nk.TreePhysics;
				PRODUCT_NAME = "$(TARGET_NAME:c99extidentifier)";
				PROVISIONING_PROFILE_SPECIFIER = "";
				SDKROOT = iphoneos;
				SUPPORTED_PLATFORMS = "iphonesimulator iphoneos";
				SWIFT_OBJC_BRIDGING_HEADER = "";
				SWIFT_VERSION = 5.0;
				TARGETED_DEVICE_FAMILY = 1;
			};
			name = Release;
		};
		9EE7EBAE22DDDC6E00535997 /* Debug */ = {
			isa = XCBuildConfiguration;
			buildSettings = {
				ALWAYS_SEARCH_USER_PATHS = NO;
				CLANG_ANALYZER_NONNULL = YES;
				CLANG_ANALYZER_NUMBER_OBJECT_CONVERSION = YES_AGGRESSIVE;
				CLANG_CXX_LANGUAGE_STANDARD = "gnu++14";
				CLANG_CXX_LIBRARY = "libc++";
				CLANG_ENABLE_MODULES = YES;
				CLANG_ENABLE_OBJC_ARC = YES;
				CLANG_ENABLE_OBJC_WEAK = YES;
				CLANG_WARN_BLOCK_CAPTURE_AUTORELEASING = YES;
				CLANG_WARN_BOOL_CONVERSION = YES;
				CLANG_WARN_COMMA = YES;
				CLANG_WARN_CONSTANT_CONVERSION = YES;
				CLANG_WARN_DEPRECATED_OBJC_IMPLEMENTATIONS = YES;
				CLANG_WARN_DIRECT_OBJC_ISA_USAGE = YES_ERROR;
				CLANG_WARN_DOCUMENTATION_COMMENTS = YES;
				CLANG_WARN_EMPTY_BODY = YES;
				CLANG_WARN_ENUM_CONVERSION = YES;
				CLANG_WARN_INFINITE_RECURSION = YES;
				CLANG_WARN_INT_CONVERSION = YES;
				CLANG_WARN_NON_LITERAL_NULL_CONVERSION = YES;
				CLANG_WARN_OBJC_IMPLICIT_RETAIN_SELF = YES;
				CLANG_WARN_OBJC_LITERAL_CONVERSION = YES;
				CLANG_WARN_OBJC_ROOT_CLASS = YES_ERROR;
				CLANG_WARN_RANGE_LOOP_ANALYSIS = YES;
				CLANG_WARN_STRICT_PROTOTYPES = YES;
				CLANG_WARN_SUSPICIOUS_MOVE = YES;
				CLANG_WARN_UNGUARDED_AVAILABILITY = YES_AGGRESSIVE;
				CLANG_WARN_UNREACHABLE_CODE = YES;
				CLANG_WARN__DUPLICATE_METHOD_MATCH = YES;
				CODE_SIGN_IDENTITY = "Mac Developer";
				COPY_PHASE_STRIP = NO;
				DEBUG_INFORMATION_FORMAT = dwarf;
				ENABLE_STRICT_OBJC_MSGSEND = YES;
				ENABLE_TESTABILITY = YES;
				GCC_C_LANGUAGE_STANDARD = gnu11;
				GCC_DYNAMIC_NO_PIC = NO;
				GCC_NO_COMMON_BLOCKS = YES;
				GCC_OPTIMIZATION_LEVEL = fast;
				GCC_PREPROCESSOR_DEFINITIONS = (
					"DEBUG=1",
					"$(inherited)",
				);
				GCC_WARN_64_TO_32_BIT_CONVERSION = YES;
				GCC_WARN_ABOUT_RETURN_TYPE = YES_ERROR;
				GCC_WARN_UNDECLARED_SELECTOR = YES;
				GCC_WARN_UNINITIALIZED_AUTOS = YES_AGGRESSIVE;
				GCC_WARN_UNUSED_FUNCTION = YES;
				GCC_WARN_UNUSED_VARIABLE = YES;
				MACOSX_DEPLOYMENT_TARGET = 10.14;
				MTL_ENABLE_DEBUG_INFO = INCLUDE_SOURCE;
				MTL_FAST_MATH = YES;
				ONLY_ACTIVE_ARCH = YES;
				OTHER_SWIFT_FLAGS = "-Xfrontend -warn-long-function-bodies=600 -Xfrontend -warn-long-expression-type-checking=300";
				SDKROOT = macosx;
				SWIFT_ACTIVE_COMPILATION_CONDITIONS = DEBUG;
				SWIFT_INCLUDE_PATHS = "$(SRCROOT)/TreePhysics/ProjectModule";
				SWIFT_OBJC_BRIDGING_HEADER = "";
				SWIFT_OPTIMIZATION_LEVEL = "-Onone";
			};
			name = Debug;
		};
		9EE7EBAF22DDDC6E00535997 /* Release */ = {
			isa = XCBuildConfiguration;
			buildSettings = {
				ALWAYS_SEARCH_USER_PATHS = NO;
				CLANG_ANALYZER_NONNULL = YES;
				CLANG_ANALYZER_NUMBER_OBJECT_CONVERSION = YES_AGGRESSIVE;
				CLANG_CXX_LANGUAGE_STANDARD = "gnu++14";
				CLANG_CXX_LIBRARY = "libc++";
				CLANG_ENABLE_MODULES = YES;
				CLANG_ENABLE_OBJC_ARC = YES;
				CLANG_ENABLE_OBJC_WEAK = YES;
				CLANG_WARN_BLOCK_CAPTURE_AUTORELEASING = YES;
				CLANG_WARN_BOOL_CONVERSION = YES;
				CLANG_WARN_COMMA = YES;
				CLANG_WARN_CONSTANT_CONVERSION = YES;
				CLANG_WARN_DEPRECATED_OBJC_IMPLEMENTATIONS = YES;
				CLANG_WARN_DIRECT_OBJC_ISA_USAGE = YES_ERROR;
				CLANG_WARN_DOCUMENTATION_COMMENTS = YES;
				CLANG_WARN_EMPTY_BODY = YES;
				CLANG_WARN_ENUM_CONVERSION = YES;
				CLANG_WARN_INFINITE_RECURSION = YES;
				CLANG_WARN_INT_CONVERSION = YES;
				CLANG_WARN_NON_LITERAL_NULL_CONVERSION = YES;
				CLANG_WARN_OBJC_IMPLICIT_RETAIN_SELF = YES;
				CLANG_WARN_OBJC_LITERAL_CONVERSION = YES;
				CLANG_WARN_OBJC_ROOT_CLASS = YES_ERROR;
				CLANG_WARN_RANGE_LOOP_ANALYSIS = YES;
				CLANG_WARN_STRICT_PROTOTYPES = YES;
				CLANG_WARN_SUSPICIOUS_MOVE = YES;
				CLANG_WARN_UNGUARDED_AVAILABILITY = YES_AGGRESSIVE;
				CLANG_WARN_UNREACHABLE_CODE = YES;
				CLANG_WARN__DUPLICATE_METHOD_MATCH = YES;
				CODE_SIGN_IDENTITY = "Mac Developer";
				COPY_PHASE_STRIP = NO;
				DEBUG_INFORMATION_FORMAT = "dwarf-with-dsym";
				ENABLE_NS_ASSERTIONS = NO;
				ENABLE_STRICT_OBJC_MSGSEND = YES;
				GCC_C_LANGUAGE_STANDARD = gnu11;
				GCC_NO_COMMON_BLOCKS = YES;
				GCC_OPTIMIZATION_LEVEL = fast;
				GCC_WARN_64_TO_32_BIT_CONVERSION = YES;
				GCC_WARN_ABOUT_RETURN_TYPE = YES_ERROR;
				GCC_WARN_UNDECLARED_SELECTOR = YES;
				GCC_WARN_UNINITIALIZED_AUTOS = YES_AGGRESSIVE;
				GCC_WARN_UNUSED_FUNCTION = YES;
				GCC_WARN_UNUSED_VARIABLE = YES;
				MACOSX_DEPLOYMENT_TARGET = 10.14;
				MTL_ENABLE_DEBUG_INFO = NO;
				MTL_FAST_MATH = YES;
				SDKROOT = macosx;
				SWIFT_COMPILATION_MODE = wholemodule;
				SWIFT_INCLUDE_PATHS = "$(SRCROOT)/TreePhysics/ProjectModule";
				SWIFT_OBJC_BRIDGING_HEADER = "";
				SWIFT_OPTIMIZATION_LEVEL = "-O";
			};
			name = Release;
		};
		9EE7EBB122DDDC6E00535997 /* Debug */ = {
			isa = XCBuildConfiguration;
			buildSettings = {
				ASSETCATALOG_COMPILER_APPICON_NAME = AppIcon;
				CODE_SIGN_ENTITLEMENTS = "";
				CODE_SIGN_IDENTITY = "Apple Development";
				CODE_SIGN_STYLE = Automatic;
				COMBINE_HIDPI_IMAGES = YES;
				DEVELOPMENT_TEAM = G3GUW83N5R;
				INFOPLIST_FILE = "$(SRCROOT)/TreePhysics/Application/macOS/Info.plist";
				LD_RUNPATH_SEARCH_PATHS = (
					"$(inherited)",
					"@executable_path/../Frameworks",
				);
				MACOSX_DEPLOYMENT_TARGET = 10.15;
				PRODUCT_BUNDLE_IDENTIFIER = com.nk.TreePhysics;
				PRODUCT_NAME = "$(TARGET_NAME:c99extidentifier)";
				SWIFT_OBJC_BRIDGING_HEADER = "";
				SWIFT_VERSION = 5.0;
			};
			name = Debug;
		};
		9EE7EBB222DDDC6E00535997 /* Release */ = {
			isa = XCBuildConfiguration;
			buildSettings = {
				ASSETCATALOG_COMPILER_APPICON_NAME = AppIcon;
				CODE_SIGN_ENTITLEMENTS = "";
				CODE_SIGN_IDENTITY = "Apple Development";
				CODE_SIGN_STYLE = Automatic;
				COMBINE_HIDPI_IMAGES = YES;
				DEVELOPMENT_TEAM = G3GUW83N5R;
				INFOPLIST_FILE = "$(SRCROOT)/TreePhysics/Application/macOS/Info.plist";
				LD_RUNPATH_SEARCH_PATHS = (
					"$(inherited)",
					"@executable_path/../Frameworks",
				);
				MACOSX_DEPLOYMENT_TARGET = 10.15;
				PRODUCT_BUNDLE_IDENTIFIER = com.nk.TreePhysics;
				PRODUCT_NAME = "$(TARGET_NAME:c99extidentifier)";
				SWIFT_OBJC_BRIDGING_HEADER = "";
				SWIFT_VERSION = 5.0;
			};
			name = Release;
		};
		9EE7EBC122DE1AD100535997 /* Debug */ = {
			isa = XCBuildConfiguration;
			buildSettings = {
				CODE_SIGN_STYLE = Automatic;
				COMBINE_HIDPI_IMAGES = YES;
				DEVELOPMENT_TEAM = G3GUW83N5R;
				INFOPLIST_FILE = TreePhysicsTests/Info.plist;
				LD_RUNPATH_SEARCH_PATHS = (
					"$(inherited)",
					"@executable_path/../Frameworks",
					"@loader_path/../Frameworks",
				);
				MACOSX_DEPLOYMENT_TARGET = 10.15;
				PRODUCT_BUNDLE_IDENTIFIER = com.nk.TreePhysicsTests;
				PRODUCT_NAME = "$(TARGET_NAME)";
				SWIFT_OBJC_BRIDGING_HEADER = "";
				SWIFT_VERSION = 5.0;
				TEST_HOST = "$(BUILT_PRODUCTS_DIR)/TreePhysics_macOS.app/Contents/MacOS/TreePhysics_macOS";
			};
			name = Debug;
		};
		9EE7EBC222DE1AD100535997 /* Release */ = {
			isa = XCBuildConfiguration;
			buildSettings = {
				CODE_SIGN_STYLE = Automatic;
				COMBINE_HIDPI_IMAGES = YES;
				DEVELOPMENT_TEAM = G3GUW83N5R;
				INFOPLIST_FILE = TreePhysicsTests/Info.plist;
				LD_RUNPATH_SEARCH_PATHS = (
					"$(inherited)",
					"@executable_path/../Frameworks",
					"@loader_path/../Frameworks",
				);
				MACOSX_DEPLOYMENT_TARGET = 10.15;
				PRODUCT_BUNDLE_IDENTIFIER = com.nk.TreePhysicsTests;
				PRODUCT_NAME = "$(TARGET_NAME)";
				SWIFT_OBJC_BRIDGING_HEADER = "";
				SWIFT_VERSION = 5.0;
				TEST_HOST = "$(BUILT_PRODUCTS_DIR)/TreePhysics_macOS.app/Contents/MacOS/TreePhysics_macOS";
			};
			name = Release;
		};
/* End XCBuildConfiguration section */

/* Begin XCConfigurationList section */
		9E34C485232911C6008C7353 /* Build configuration list for PBXNativeTarget "TreePhysics" */ = {
			isa = XCConfigurationList;
			buildConfigurations = (
				9E34C486232911C6008C7353 /* Debug */,
				9E34C487232911C6008C7353 /* Release */,
			);
			defaultConfigurationIsVisible = 0;
			defaultConfigurationName = Release;
		};
		9E656A12234F971C00818C32 /* Build configuration list for PBXNativeTarget "TreePhysics-benchmark" */ = {
			isa = XCConfigurationList;
			buildConfigurations = (
				9E656A13234F971C00818C32 /* Debug */,
				9E656A14234F971C00818C32 /* Release */,
			);
			defaultConfigurationIsVisible = 0;
			defaultConfigurationName = Release;
		};
		9E9D4B8622F37244007DCF49 /* Build configuration list for PBXNativeTarget "TreePhysics-iOS" */ = {
			isa = XCConfigurationList;
			buildConfigurations = (
				9E9D4B8722F37244007DCF49 /* Debug */,
				9E9D4B8822F37244007DCF49 /* Release */,
			);
			defaultConfigurationIsVisible = 0;
			defaultConfigurationName = Release;
		};
		9EE7EB9922DDDC6C00535997 /* Build configuration list for PBXProject "TreePhysics" */ = {
			isa = XCConfigurationList;
			buildConfigurations = (
				9EE7EBAE22DDDC6E00535997 /* Debug */,
				9EE7EBAF22DDDC6E00535997 /* Release */,
			);
			defaultConfigurationIsVisible = 0;
			defaultConfigurationName = Release;
		};
		9EE7EBB022DDDC6E00535997 /* Build configuration list for PBXNativeTarget "TreePhysics-macOS" */ = {
			isa = XCConfigurationList;
			buildConfigurations = (
				9EE7EBB122DDDC6E00535997 /* Debug */,
				9EE7EBB222DDDC6E00535997 /* Release */,
			);
			defaultConfigurationIsVisible = 0;
			defaultConfigurationName = Release;
		};
		9EE7EBC022DE1AD100535997 /* Build configuration list for PBXNativeTarget "TreePhysicsTests" */ = {
			isa = XCConfigurationList;
			buildConfigurations = (
				9EE7EBC122DE1AD100535997 /* Debug */,
				9EE7EBC222DE1AD100535997 /* Release */,
			);
			defaultConfigurationIsVisible = 0;
			defaultConfigurationName = Release;
		};
/* End XCConfigurationList section */
	};
	rootObject = 9EE7EB9622DDDC6C00535997 /* Project object */;
}
